// !$*UTF8*$!
{
	archiveVersion = 1;
	classes = {
	};
	objectVersion = 46;
	objects = {

/* Begin PBXBuildFile section */
		2D01E6791748C81900B81568 /* InfoPlist.strings in Resources */ = {isa = PBXBuildFile; fileRef = 2D8FAC301748AC470071A601 /* InfoPlist.strings */; };
		2D01E67D1748D82E00B81568 /* Reachability.m in Sources */ = {isa = PBXBuildFile; fileRef = 2D01E67C1748D82E00B81568 /* Reachability.m */; };
		2D01E67F1748D84E00B81568 /* SystemConfiguration.framework in Frameworks */ = {isa = PBXBuildFile; fileRef = 2D01E67E1748D84E00B81568 /* SystemConfiguration.framework */; };
		2D01E6811748DB2F00B81568 /* default_adv.jpg in Resources */ = {isa = PBXBuildFile; fileRef = 2D01E6801748DB2F00B81568 /* default_adv.jpg */; };
		2D080CD6173CE4D9005653A7 /* UIKit.framework in Frameworks */ = {isa = PBXBuildFile; fileRef = 2D080CD5173CE4D9005653A7 /* UIKit.framework */; };
		2D080CD8173CE4D9005653A7 /* Foundation.framework in Frameworks */ = {isa = PBXBuildFile; fileRef = 2D080CD7173CE4D9005653A7 /* Foundation.framework */; };
		2D080CDA173CE4D9005653A7 /* CoreGraphics.framework in Frameworks */ = {isa = PBXBuildFile; fileRef = 2D080CD9173CE4D9005653A7 /* CoreGraphics.framework */; };
		2D080CE2173CE4D9005653A7 /* main.m in Sources */ = {isa = PBXBuildFile; fileRef = 2D080CE1173CE4D9005653A7 /* main.m */; };
		2D080CE6173CE4D9005653A7 /* JDOAppDelegate.m in Sources */ = {isa = PBXBuildFile; fileRef = 2D080CE5173CE4D9005653A7 /* JDOAppDelegate.m */; };
		2D080CEF173CE4D9005653A7 /* JDONewsViewController.m in Sources */ = {isa = PBXBuildFile; fileRef = 2D080CEE173CE4D9005653A7 /* JDONewsViewController.m */; };
		2D13EF92174E11D5007FF1CC /* JDOPageControl.m in Sources */ = {isa = PBXBuildFile; fileRef = 2D13EF91174E11D5007FF1CC /* JDOPageControl.m */; };
		2D13EF95174E1374007FF1CC /* navbar_background@2x.png in Resources */ = {isa = PBXBuildFile; fileRef = 2D13EF93174E1374007FF1CC /* navbar_background@2x.png */; };
		2D13EF96174E1374007FF1CC /* navbar_selected@2x.png in Resources */ = {isa = PBXBuildFile; fileRef = 2D13EF94174E1374007FF1CC /* navbar_selected@2x.png */; };
		2D19CFE117499F3800BDAE39 /* JDOPathUtil.m in Sources */ = {isa = PBXBuildFile; fileRef = 2D19CFE017499F3800BDAE39 /* JDOPathUtil.m */; };
		2D19CFE9174A3F8700BDAE39 /* JDOLeftViewController.m in Sources */ = {isa = PBXBuildFile; fileRef = 2D19CFE4174A3F8700BDAE39 /* JDOLeftViewController.m */; };
		2D19CFEA174A3F8700BDAE39 /* JDOLeftViewController.xib in Resources */ = {isa = PBXBuildFile; fileRef = 2D19CFE5174A3F8700BDAE39 /* JDOLeftViewController.xib */; };
		2D19CFEB174A3F8700BDAE39 /* JDORightViewController.m in Sources */ = {isa = PBXBuildFile; fileRef = 2D19CFE7174A3F8700BDAE39 /* JDORightViewController.m */; };
		2D19CFEC174A3F8700BDAE39 /* JDORightViewController.xib in Resources */ = {isa = PBXBuildFile; fileRef = 2D19CFE8174A3F8700BDAE39 /* JDORightViewController.xib */; };
		2D1DDB55175E21870048F7A7 /* news_template.html in Resources */ = {isa = PBXBuildFile; fileRef = 2D1DDB54175E21870048F7A7 /* news_template.html */; };
		2D1DDB58175E2AD10048F7A7 /* JDONewsDetailModel.m in Sources */ = {isa = PBXBuildFile; fileRef = 2D1DDB57175E2AD10048F7A7 /* JDONewsDetailModel.m */; };
		2D1DDB5B175E2BBC0048F7A7 /* NSDictionary+Model.m in Sources */ = {isa = PBXBuildFile; fileRef = 2D1DDB5A175E2BBC0048F7A7 /* NSDictionary+Model.m */; };
		2D1DDB5D175E33DC0048F7A7 /* sample_template.txt in Resources */ = {isa = PBXBuildFile; fileRef = 2D1DDB5C175E33DC0048F7A7 /* sample_template.txt */; };
		2D1DDB5F175E39EE0048F7A7 /* jquery.min.js in Sources */ = {isa = PBXBuildFile; fileRef = 2D1DDB5E175E39EE0048F7A7 /* jquery.min.js */; };
		2D329AD51750A91100003EA2 /* JDOScrollView.m in Sources */ = {isa = PBXBuildFile; fileRef = 2D329AD41750A91100003EA2 /* JDOScrollView.m */; };
		2D5409C4175DE5D300718FFB /* MGTemplateEngine.m in Sources */ = {isa = PBXBuildFile; fileRef = 2D5409BD175DE5D300718FFB /* MGTemplateEngine.m */; settings = {COMPILER_FLAGS = "-fno-objc-arc"; }; };
		2D5409C5175DE5D300718FFB /* MGTemplateStandardMarkers.m in Sources */ = {isa = PBXBuildFile; fileRef = 2D5409C1175DE5D300718FFB /* MGTemplateStandardMarkers.m */; settings = {COMPILER_FLAGS = "-fno-objc-arc"; }; };
		2D5409C6175DE5D300718FFB /* MGTemplateStandardFilters.m in Sources */ = {isa = PBXBuildFile; fileRef = 2D5409C3175DE5D300718FFB /* MGTemplateStandardFilters.m */; settings = {COMPILER_FLAGS = "-fno-objc-arc"; }; };
		2D5409D3175DE60F00718FFB /* ICUTemplateMatcher.m in Sources */ = {isa = PBXBuildFile; fileRef = 2D5409C9175DE60F00718FFB /* ICUTemplateMatcher.m */; settings = {COMPILER_FLAGS = "-fno-objc-arc"; }; };
		2D5409D4175DE60F00718FFB /* RegexKitLite.m in Sources */ = {isa = PBXBuildFile; fileRef = 2D5409CB175DE60F00718FFB /* RegexKitLite.m */; settings = {COMPILER_FLAGS = "-fno-objc-arc"; }; };
		2D5409D6175DE60F00718FFB /* NSArray_DeepMutableCopy.m in Sources */ = {isa = PBXBuildFile; fileRef = 2D5409D0175DE60F00718FFB /* NSArray_DeepMutableCopy.m */; settings = {COMPILER_FLAGS = "-fno-objc-arc"; }; };
		2D5409D7175DE60F00718FFB /* NSDictionary_DeepMutableCopy.m in Sources */ = {isa = PBXBuildFile; fileRef = 2D5409D2175DE60F00718FFB /* NSDictionary_DeepMutableCopy.m */; settings = {COMPILER_FLAGS = "-fno-objc-arc"; }; };
		2D5409D9175DE62900718FFB /* libicucore.dylib in Frameworks */ = {isa = PBXBuildFile; fileRef = 2D5409D8175DE62900718FFB /* libicucore.dylib */; };
		2D5409DC175DEA5800718FFB /* JDONewsDetailController.m in Sources */ = {isa = PBXBuildFile; fileRef = 2D5409DB175DEA5800718FFB /* JDONewsDetailController.m */; };
		2D5409DF175DEE2100718FFB /* UIWebView+RemoveShadow.m in Sources */ = {isa = PBXBuildFile; fileRef = 2D5409DE175DEE2100718FFB /* UIWebView+RemoveShadow.m */; };
		2D5DEE69174C9BAB00F21FC2 /* left_menu@2x.png in Resources */ = {isa = PBXBuildFile; fileRef = 2D5DEE68174C9BAB00F21FC2 /* left_menu@2x.png */; };
		2D86D59617584E420000AA6A /* JDONewsCategoryInfo.m in Sources */ = {isa = PBXBuildFile; fileRef = 2D86D59517584E420000AA6A /* JDONewsCategoryInfo.m */; };
		2D86D59F175872FE0000AA6A /* JDONewsModel.m in Sources */ = {isa = PBXBuildFile; fileRef = 2D86D59E175872FE0000AA6A /* JDONewsModel.m */; };
		2D86D5A2175875630000AA6A /* NSArray+Model.m in Sources */ = {isa = PBXBuildFile; fileRef = 2D86D5A1175875630000AA6A /* NSArray+Model.m */; };
		2D86D5A5175885E50000AA6A /* JDONewsTableCell.m in Sources */ = {isa = PBXBuildFile; fileRef = 2D86D5A4175885E50000AA6A /* JDONewsTableCell.m */; };
		2D86D5AB17588E330000AA6A /* JDOCommonUtil.m in Sources */ = {isa = PBXBuildFile; fileRef = 2D86D5AA17588E330000AA6A /* JDOCommonUtil.m */; };
		2D86D5AE175894990000AA6A /* JDOCenterViewController.m in Sources */ = {isa = PBXBuildFile; fileRef = 2D86D5AD175894980000AA6A /* JDOCenterViewController.m */; };
		2D89BA4C1754825600960614 /* JDONewsCategoryView.m in Sources */ = {isa = PBXBuildFile; fileRef = 2D89BA4B1754825600960614 /* JDONewsCategoryView.m */; };
		2D8AB31F17526A3200F3AAAC /* JDONewsViewController.xib in Resources */ = {isa = PBXBuildFile; fileRef = 2D8AB31E17526A3200F3AAAC /* JDONewsViewController.xib */; };
		2D8B403B175A37A700C8B04F /* QuartzCore.framework in Frameworks */ = {isa = PBXBuildFile; fileRef = 2D8B403A175A37A700C8B04F /* QuartzCore.framework */; };
		2D8B4081175A495600C8B04F /* NIActions.m in Sources */ = {isa = PBXBuildFile; fileRef = 2D8B404F175A495500C8B04F /* NIActions.m */; };
		2D8B4082175A495600C8B04F /* NIButtonUtilities.m in Sources */ = {isa = PBXBuildFile; fileRef = 2D8B4052175A495500C8B04F /* NIButtonUtilities.m */; };
		2D8B4083175A495600C8B04F /* NICommonMetrics.m in Sources */ = {isa = PBXBuildFile; fileRef = 2D8B4054175A495500C8B04F /* NICommonMetrics.m */; };
		2D8B4084175A495600C8B04F /* NIDataStructures.m in Sources */ = {isa = PBXBuildFile; fileRef = 2D8B4056175A495500C8B04F /* NIDataStructures.m */; };
		2D8B4085175A495600C8B04F /* NIDebuggingTools.m in Sources */ = {isa = PBXBuildFile; fileRef = 2D8B4058175A495500C8B04F /* NIDebuggingTools.m */; };
		2D8B4086175A495600C8B04F /* NIDeviceOrientation.m in Sources */ = {isa = PBXBuildFile; fileRef = 2D8B405A175A495500C8B04F /* NIDeviceOrientation.m */; };
		2D8B4087175A495600C8B04F /* NIError.m in Sources */ = {isa = PBXBuildFile; fileRef = 2D8B405C175A495500C8B04F /* NIError.m */; };
		2D8B4088175A495600C8B04F /* NIFoundationMethods.m in Sources */ = {isa = PBXBuildFile; fileRef = 2D8B405E175A495500C8B04F /* NIFoundationMethods.m */; };
		2D8B4089175A495600C8B04F /* NIImageUtilities.m in Sources */ = {isa = PBXBuildFile; fileRef = 2D8B4060175A495500C8B04F /* NIImageUtilities.m */; };
		2D8B408A175A495600C8B04F /* NIInMemoryCache.m in Sources */ = {isa = PBXBuildFile; fileRef = 2D8B4062175A495500C8B04F /* NIInMemoryCache.m */; };
		2D8B408B175A495600C8B04F /* NIInvocationMethods.m in Sources */ = {isa = PBXBuildFile; fileRef = 2D8B4064175A495500C8B04F /* NIInvocationMethods.m */; };
		2D8B408C175A495600C8B04F /* NINavigationAppearance.m in Sources */ = {isa = PBXBuildFile; fileRef = 2D8B4068175A495500C8B04F /* NINavigationAppearance.m */; };
		2D8B408D175A495600C8B04F /* NINetworkActivity.m in Sources */ = {isa = PBXBuildFile; fileRef = 2D8B406A175A495500C8B04F /* NINetworkActivity.m */; };
		2D8B408E175A495600C8B04F /* NINonEmptyCollectionTesting.m in Sources */ = {isa = PBXBuildFile; fileRef = 2D8B406C175A495500C8B04F /* NINonEmptyCollectionTesting.m */; };
		2D8B408F175A495600C8B04F /* NINonRetainingCollections.m in Sources */ = {isa = PBXBuildFile; fileRef = 2D8B406E175A495500C8B04F /* NINonRetainingCollections.m */; };
		2D8B4090175A495600C8B04F /* NIOperations.m in Sources */ = {isa = PBXBuildFile; fileRef = 2D8B4070175A495500C8B04F /* NIOperations.m */; };
		2D8B4091175A495600C8B04F /* NIPaths.m in Sources */ = {isa = PBXBuildFile; fileRef = 2D8B4073175A495500C8B04F /* NIPaths.m */; };
		2D8B4092175A495600C8B04F /* NIRuntimeClassModifications.m in Sources */ = {isa = PBXBuildFile; fileRef = 2D8B4076175A495500C8B04F /* NIRuntimeClassModifications.m */; };
		2D8B4093175A495600C8B04F /* NISDKAvailability.m in Sources */ = {isa = PBXBuildFile; fileRef = 2D8B4078175A495500C8B04F /* NISDKAvailability.m */; };
		2D8B4094175A495600C8B04F /* NISnapshotRotation.m in Sources */ = {isa = PBXBuildFile; fileRef = 2D8B407A175A495500C8B04F /* NISnapshotRotation.m */; };
		2D8B4095175A495600C8B04F /* NIState.m in Sources */ = {isa = PBXBuildFile; fileRef = 2D8B407C175A495500C8B04F /* NIState.m */; };
		2D8B4096175A495600C8B04F /* NIViewRecycler.m in Sources */ = {isa = PBXBuildFile; fileRef = 2D8B407E175A495500C8B04F /* NIViewRecycler.m */; };
		2D8B4097175A495600C8B04F /* NSString+NimbusCore.m in Sources */ = {isa = PBXBuildFile; fileRef = 2D8B4080175A495500C8B04F /* NSString+NimbusCore.m */; };
		2D8B40A1175A496200C8B04F /* NIPageView.m in Sources */ = {isa = PBXBuildFile; fileRef = 2D8B409A175A496200C8B04F /* NIPageView.m */; };
		2D8B40A2175A496200C8B04F /* NIPagingScrollView.m in Sources */ = {isa = PBXBuildFile; fileRef = 2D8B409C175A496200C8B04F /* NIPagingScrollView.m */; };
		2D8D44ED174DA7B500786545 /* top_navigation_back_highlighted@2x.png in Resources */ = {isa = PBXBuildFile; fileRef = 2D8D44EB174DA7B500786545 /* top_navigation_back_highlighted@2x.png */; };
		2D8D44EE174DA7B500786545 /* top_navigation_back@2x.png in Resources */ = {isa = PBXBuildFile; fileRef = 2D8D44EC174DA7B500786545 /* top_navigation_back@2x.png */; };
		2D8D44F1174DAB2800786545 /* JDONavigationView.m in Sources */ = {isa = PBXBuildFile; fileRef = 2D8D44F0174DAB2800786545 /* JDONavigationView.m */; };
		2D8D44F8174DEB9900786545 /* Default.png in Resources */ = {isa = PBXBuildFile; fileRef = 2D8FAC23174898BA0071A601 /* Default.png */; };
		2D8E4B78175F8FEC00B94E57 /* leftside_shadow_bg@2x.png in Resources */ = {isa = PBXBuildFile; fileRef = 2D8E4B77175F8FEC00B94E57 /* leftside_shadow_bg@2x.png */; };
		2D8ED76E1754F3B40093A574 /* progressbar_logo.png in Resources */ = {isa = PBXBuildFile; fileRef = 2D8ED76D1754F3B40093A574 /* progressbar_logo.png */; };
		2D8ED7701754F4270093A574 /* default_icon.png in Resources */ = {isa = PBXBuildFile; fileRef = 2D8ED76F1754F4270093A574 /* default_icon.png */; };
		2D8ED7721754F43A0093A574 /* bad_net.png in Resources */ = {isa = PBXBuildFile; fileRef = 2D8ED7711754F43A0093A574 /* bad_net.png */; };
		2D8ED7741754FD910093A574 /* retry.png in Resources */ = {isa = PBXBuildFile; fileRef = 2D8ED7731754FD910093A574 /* retry.png */; };
		2D8FAC20174896220071A601 /* icon.png in Resources */ = {isa = PBXBuildFile; fileRef = 2D8FAC1F174896220071A601 /* icon.png */; };
		2D91FBD7175707A9002C1B5C /* JDOFeedbackViewController.xib in Resources */ = {isa = PBXBuildFile; fileRef = D83DAB731756DD6C0019B316 /* JDOFeedbackViewController.xib */; };
		2D93122B17600A2500C73802 /* UIView+Transition.m in Sources */ = {isa = PBXBuildFile; fileRef = 2D93122A17600A2500C73802 /* UIView+Transition.m */; };
		2D9678BB174AF78A008AC097 /* JDOImageUtil.m in Sources */ = {isa = PBXBuildFile; fileRef = 2D9678BA174AF78A008AC097 /* JDOImageUtil.m */; };
		2D98BF84175C3FAF00530C0B /* UIScrollView+SVInfiniteScrolling.m in Sources */ = {isa = PBXBuildFile; fileRef = 2D98BF81175C3FAF00530C0B /* UIScrollView+SVInfiniteScrolling.m */; };
		2D98BF85175C3FAF00530C0B /* UIScrollView+SVPullToRefresh.m in Sources */ = {isa = PBXBuildFile; fileRef = 2D98BF83175C3FAF00530C0B /* UIScrollView+SVPullToRefresh.m */; };
		2D996A94175ED55800C57673 /* JDOImageViewController.m in Sources */ = {isa = PBXBuildFile; fileRef = 2D996A93175ED55700C57673 /* JDOImageViewController.m */; };
		2D996A9B175F29AF00C57673 /* MLNavigationController.m in Sources */ = {isa = PBXBuildFile; fileRef = 2D996A9A175F29AF00C57673 /* MLNavigationController.m */; };
		2D9C7494175C87EC00B74ACE /* Localizable.strings in Resources */ = {isa = PBXBuildFile; fileRef = 2D9C7493175C87EC00B74ACE /* Localizable.strings */; };
		2D9FDC0A175D6B37003EAF78 /* JDOHttpClient.m in Sources */ = {isa = PBXBuildFile; fileRef = 2D9FDC09175D6B37003EAF78 /* JDOHttpClient.m */; };
		2D9FDC0E175D7922003EAF78 /* JDOJsonClient.m in Sources */ = {isa = PBXBuildFile; fileRef = 2D9FDC0D175D7922003EAF78 /* JDOJsonClient.m */; };
		2DDFCCE2174D167D007E89F9 /* JDOSettingViewController.m in Sources */ = {isa = PBXBuildFile; fileRef = 2DDFCCE0174D167D007E89F9 /* JDOSettingViewController.m */; };
		2DDFCCE3174D167D007E89F9 /* JDOSettingViewController.xib in Resources */ = {isa = PBXBuildFile; fileRef = 2DDFCCE1174D167D007E89F9 /* JDOSettingViewController.xib */; };
		2DE0845F175B872800A1A6BC /* JDONewsHeadCell.m in Sources */ = {isa = PBXBuildFile; fileRef = 2DE0845E175B872700A1A6BC /* JDONewsHeadCell.m */; };
		2DF21F53174CA93B000DEB70 /* right_menu@2x.png in Resources */ = {isa = PBXBuildFile; fileRef = 2DF21F52174CA93B000DEB70 /* right_menu@2x.png */; };
		C59C19336B7C490A80E26DCF /* libPods.a in Frameworks */ = {isa = PBXBuildFile; fileRef = C246968741DD4E76840F4CBA /* libPods.a */; };
		D8A2B50B1756FABF005FC835 /* JDOFeedbackViewController.m in Sources */ = {isa = PBXBuildFile; fileRef = D83DAB721756DD6C0019B316 /* JDOFeedbackViewController.m */; };
		FF19A048175F39A000375716 /* JDOListView.m in Sources */ = {isa = PBXBuildFile; fileRef = FF19A047175F39A000375716 /* JDOListView.m */; };
		FFD8B6851756DD69007B878C /* JDOAboutUsViewController.m in Sources */ = {isa = PBXBuildFile; fileRef = FFD8B6841756DD69007B878C /* JDOAboutUsViewController.m */; };
		FFD8B6871756E779007B878C /* aboutus.png in Resources */ = {isa = PBXBuildFile; fileRef = FFD8B6861756E779007B878C /* aboutus.png */; };
/* End PBXBuildFile section */

/* Begin PBXFileReference section */
		2D01E67B1748D82E00B81568 /* Reachability.h */ = {isa = PBXFileReference; fileEncoding = 4; lastKnownFileType = sourcecode.c.h; path = Reachability.h; sourceTree = "<group>"; };
		2D01E67C1748D82E00B81568 /* Reachability.m */ = {isa = PBXFileReference; fileEncoding = 4; lastKnownFileType = sourcecode.c.objc; path = Reachability.m; sourceTree = "<group>"; };
		2D01E67E1748D84E00B81568 /* SystemConfiguration.framework */ = {isa = PBXFileReference; lastKnownFileType = wrapper.framework; name = SystemConfiguration.framework; path = System/Library/Frameworks/SystemConfiguration.framework; sourceTree = SDKROOT; };
		2D01E6801748DB2F00B81568 /* default_adv.jpg */ = {isa = PBXFileReference; lastKnownFileType = image.jpeg; path = default_adv.jpg; sourceTree = "<group>"; };
		2D080CD2173CE4D9005653A7 /* JiaodongOnlineNews.app */ = {isa = PBXFileReference; explicitFileType = wrapper.application; includeInIndex = 0; path = JiaodongOnlineNews.app; sourceTree = BUILT_PRODUCTS_DIR; };
		2D080CD5173CE4D9005653A7 /* UIKit.framework */ = {isa = PBXFileReference; lastKnownFileType = wrapper.framework; name = UIKit.framework; path = System/Library/Frameworks/UIKit.framework; sourceTree = SDKROOT; };
		2D080CD7173CE4D9005653A7 /* Foundation.framework */ = {isa = PBXFileReference; lastKnownFileType = wrapper.framework; name = Foundation.framework; path = System/Library/Frameworks/Foundation.framework; sourceTree = SDKROOT; };
		2D080CD9173CE4D9005653A7 /* CoreGraphics.framework */ = {isa = PBXFileReference; lastKnownFileType = wrapper.framework; name = CoreGraphics.framework; path = System/Library/Frameworks/CoreGraphics.framework; sourceTree = SDKROOT; };
		2D080CDD173CE4D9005653A7 /* JiaodongOnlineNews-Info.plist */ = {isa = PBXFileReference; lastKnownFileType = text.plist.xml; path = "JiaodongOnlineNews-Info.plist"; sourceTree = "<group>"; };
		2D080CE1173CE4D9005653A7 /* main.m */ = {isa = PBXFileReference; lastKnownFileType = sourcecode.c.objc; path = main.m; sourceTree = "<group>"; };
		2D080CE3173CE4D9005653A7 /* JiaodongOnlineNews-Prefix.pch */ = {isa = PBXFileReference; lastKnownFileType = sourcecode.c.h; path = "JiaodongOnlineNews-Prefix.pch"; sourceTree = "<group>"; };
		2D080CE4173CE4D9005653A7 /* JDOAppDelegate.h */ = {isa = PBXFileReference; lastKnownFileType = sourcecode.c.h; path = JDOAppDelegate.h; sourceTree = "<group>"; };
		2D080CE5173CE4D9005653A7 /* JDOAppDelegate.m */ = {isa = PBXFileReference; lastKnownFileType = sourcecode.c.objc; path = JDOAppDelegate.m; sourceTree = "<group>"; };
		2D080CED173CE4D9005653A7 /* JDONewsViewController.h */ = {isa = PBXFileReference; lastKnownFileType = sourcecode.c.h; path = JDONewsViewController.h; sourceTree = "<group>"; };
		2D080CEE173CE4D9005653A7 /* JDONewsViewController.m */ = {isa = PBXFileReference; lastKnownFileType = sourcecode.c.objc; path = JDONewsViewController.m; sourceTree = "<group>"; };
		2D13EF90174E11D5007FF1CC /* JDOPageControl.h */ = {isa = PBXFileReference; fileEncoding = 4; lastKnownFileType = sourcecode.c.h; path = JDOPageControl.h; sourceTree = "<group>"; };
		2D13EF91174E11D5007FF1CC /* JDOPageControl.m */ = {isa = PBXFileReference; fileEncoding = 4; lastKnownFileType = sourcecode.c.objc; path = JDOPageControl.m; sourceTree = "<group>"; };
		2D13EF93174E1374007FF1CC /* navbar_background@2x.png */ = {isa = PBXFileReference; lastKnownFileType = image.png; path = "navbar_background@2x.png"; sourceTree = "<group>"; };
		2D13EF94174E1374007FF1CC /* navbar_selected@2x.png */ = {isa = PBXFileReference; lastKnownFileType = image.png; path = "navbar_selected@2x.png"; sourceTree = "<group>"; };
		2D19CFDF17499F3800BDAE39 /* JDOPathUtil.h */ = {isa = PBXFileReference; fileEncoding = 4; lastKnownFileType = sourcecode.c.h; path = JDOPathUtil.h; sourceTree = "<group>"; };
		2D19CFE017499F3800BDAE39 /* JDOPathUtil.m */ = {isa = PBXFileReference; fileEncoding = 4; lastKnownFileType = sourcecode.c.objc; path = JDOPathUtil.m; sourceTree = "<group>"; };
		2D19CFE3174A3F8700BDAE39 /* JDOLeftViewController.h */ = {isa = PBXFileReference; fileEncoding = 4; lastKnownFileType = sourcecode.c.h; path = JDOLeftViewController.h; sourceTree = "<group>"; };
		2D19CFE4174A3F8700BDAE39 /* JDOLeftViewController.m */ = {isa = PBXFileReference; fileEncoding = 4; lastKnownFileType = sourcecode.c.objc; path = JDOLeftViewController.m; sourceTree = "<group>"; };
		2D19CFE5174A3F8700BDAE39 /* JDOLeftViewController.xib */ = {isa = PBXFileReference; fileEncoding = 4; lastKnownFileType = file.xib; path = JDOLeftViewController.xib; sourceTree = "<group>"; };
		2D19CFE6174A3F8700BDAE39 /* JDORightViewController.h */ = {isa = PBXFileReference; fileEncoding = 4; lastKnownFileType = sourcecode.c.h; path = JDORightViewController.h; sourceTree = "<group>"; };
		2D19CFE7174A3F8700BDAE39 /* JDORightViewController.m */ = {isa = PBXFileReference; fileEncoding = 4; lastKnownFileType = sourcecode.c.objc; path = JDORightViewController.m; sourceTree = "<group>"; };
		2D19CFE8174A3F8700BDAE39 /* JDORightViewController.xib */ = {isa = PBXFileReference; fileEncoding = 4; lastKnownFileType = file.xib; path = JDORightViewController.xib; sourceTree = "<group>"; };
		2D1DDB54175E21870048F7A7 /* news_template.html */ = {isa = PBXFileReference; fileEncoding = 4; lastKnownFileType = text.html; path = news_template.html; sourceTree = "<group>"; };
		2D1DDB56175E2AD10048F7A7 /* JDONewsDetailModel.h */ = {isa = PBXFileReference; fileEncoding = 4; lastKnownFileType = sourcecode.c.h; path = JDONewsDetailModel.h; sourceTree = "<group>"; };
		2D1DDB57175E2AD10048F7A7 /* JDONewsDetailModel.m */ = {isa = PBXFileReference; fileEncoding = 4; lastKnownFileType = sourcecode.c.objc; path = JDONewsDetailModel.m; sourceTree = "<group>"; };
		2D1DDB59175E2BBC0048F7A7 /* NSDictionary+Model.h */ = {isa = PBXFileReference; fileEncoding = 4; lastKnownFileType = sourcecode.c.h; path = "NSDictionary+Model.h"; sourceTree = "<group>"; };
		2D1DDB5A175E2BBC0048F7A7 /* NSDictionary+Model.m */ = {isa = PBXFileReference; fileEncoding = 4; lastKnownFileType = sourcecode.c.objc; path = "NSDictionary+Model.m"; sourceTree = "<group>"; };
		2D1DDB5C175E33DC0048F7A7 /* sample_template.txt */ = {isa = PBXFileReference; fileEncoding = 4; lastKnownFileType = text; path = sample_template.txt; sourceTree = "<group>"; };
		2D1DDB5E175E39EE0048F7A7 /* jquery.min.js */ = {isa = PBXFileReference; fileEncoding = 4; lastKnownFileType = sourcecode.javascript; path = jquery.min.js; sourceTree = "<group>"; };
		2D329AD31750A91100003EA2 /* JDOScrollView.h */ = {isa = PBXFileReference; fileEncoding = 4; lastKnownFileType = sourcecode.c.h; path = JDOScrollView.h; sourceTree = "<group>"; };
		2D329AD41750A91100003EA2 /* JDOScrollView.m */ = {isa = PBXFileReference; fileEncoding = 4; lastKnownFileType = sourcecode.c.objc; path = JDOScrollView.m; sourceTree = "<group>"; };
		2D5409BC175DE5D300718FFB /* MGTemplateEngine.h */ = {isa = PBXFileReference; fileEncoding = 4; lastKnownFileType = sourcecode.c.h; path = MGTemplateEngine.h; sourceTree = "<group>"; };
		2D5409BD175DE5D300718FFB /* MGTemplateEngine.m */ = {isa = PBXFileReference; fileEncoding = 4; lastKnownFileType = sourcecode.c.objc; path = MGTemplateEngine.m; sourceTree = "<group>"; };
		2D5409BE175DE5D300718FFB /* MGTemplateMarker.h */ = {isa = PBXFileReference; fileEncoding = 4; lastKnownFileType = sourcecode.c.h; path = MGTemplateMarker.h; sourceTree = "<group>"; };
		2D5409BF175DE5D300718FFB /* MGTemplateFilter.h */ = {isa = PBXFileReference; fileEncoding = 4; lastKnownFileType = sourcecode.c.h; path = MGTemplateFilter.h; sourceTree = "<group>"; };
		2D5409C0175DE5D300718FFB /* MGTemplateStandardMarkers.h */ = {isa = PBXFileReference; fileEncoding = 4; lastKnownFileType = sourcecode.c.h; path = MGTemplateStandardMarkers.h; sourceTree = "<group>"; };
		2D5409C1175DE5D300718FFB /* MGTemplateStandardMarkers.m */ = {isa = PBXFileReference; fileEncoding = 4; lastKnownFileType = sourcecode.c.objc; path = MGTemplateStandardMarkers.m; sourceTree = "<group>"; };
		2D5409C2175DE5D300718FFB /* MGTemplateStandardFilters.h */ = {isa = PBXFileReference; fileEncoding = 4; lastKnownFileType = sourcecode.c.h; path = MGTemplateStandardFilters.h; sourceTree = "<group>"; };
		2D5409C3175DE5D300718FFB /* MGTemplateStandardFilters.m */ = {isa = PBXFileReference; fileEncoding = 4; lastKnownFileType = sourcecode.c.objc; path = MGTemplateStandardFilters.m; sourceTree = "<group>"; };
		2D5409C8175DE60F00718FFB /* ICUTemplateMatcher.h */ = {isa = PBXFileReference; fileEncoding = 4; lastKnownFileType = sourcecode.c.h; path = ICUTemplateMatcher.h; sourceTree = "<group>"; };
		2D5409C9175DE60F00718FFB /* ICUTemplateMatcher.m */ = {isa = PBXFileReference; fileEncoding = 4; lastKnownFileType = sourcecode.c.objc; path = ICUTemplateMatcher.m; sourceTree = "<group>"; };
		2D5409CA175DE60F00718FFB /* RegexKitLite.h */ = {isa = PBXFileReference; fileEncoding = 4; lastKnownFileType = sourcecode.c.h; path = RegexKitLite.h; sourceTree = "<group>"; };
		2D5409CB175DE60F00718FFB /* RegexKitLite.m */ = {isa = PBXFileReference; fileEncoding = 4; lastKnownFileType = sourcecode.c.objc; path = RegexKitLite.m; sourceTree = "<group>"; };
		2D5409CE175DE60F00718FFB /* DeepMutableCopy.h */ = {isa = PBXFileReference; fileEncoding = 4; lastKnownFileType = sourcecode.c.h; path = DeepMutableCopy.h; sourceTree = "<group>"; };
		2D5409CF175DE60F00718FFB /* NSArray_DeepMutableCopy.h */ = {isa = PBXFileReference; fileEncoding = 4; lastKnownFileType = sourcecode.c.h; path = NSArray_DeepMutableCopy.h; sourceTree = "<group>"; };
		2D5409D0175DE60F00718FFB /* NSArray_DeepMutableCopy.m */ = {isa = PBXFileReference; fileEncoding = 4; lastKnownFileType = sourcecode.c.objc; path = NSArray_DeepMutableCopy.m; sourceTree = "<group>"; };
		2D5409D1175DE60F00718FFB /* NSDictionary_DeepMutableCopy.h */ = {isa = PBXFileReference; fileEncoding = 4; lastKnownFileType = sourcecode.c.h; path = NSDictionary_DeepMutableCopy.h; sourceTree = "<group>"; };
		2D5409D2175DE60F00718FFB /* NSDictionary_DeepMutableCopy.m */ = {isa = PBXFileReference; fileEncoding = 4; lastKnownFileType = sourcecode.c.objc; path = NSDictionary_DeepMutableCopy.m; sourceTree = "<group>"; };
		2D5409D8175DE62900718FFB /* libicucore.dylib */ = {isa = PBXFileReference; lastKnownFileType = "compiled.mach-o.dylib"; name = libicucore.dylib; path = usr/lib/libicucore.dylib; sourceTree = SDKROOT; };
		2D5409DA175DEA5800718FFB /* JDONewsDetailController.h */ = {isa = PBXFileReference; fileEncoding = 4; lastKnownFileType = sourcecode.c.h; path = JDONewsDetailController.h; sourceTree = "<group>"; };
		2D5409DB175DEA5800718FFB /* JDONewsDetailController.m */ = {isa = PBXFileReference; fileEncoding = 4; lastKnownFileType = sourcecode.c.objc; path = JDONewsDetailController.m; sourceTree = "<group>"; };
		2D5409DD175DEE2100718FFB /* UIWebView+RemoveShadow.h */ = {isa = PBXFileReference; fileEncoding = 4; lastKnownFileType = sourcecode.c.h; path = "UIWebView+RemoveShadow.h"; sourceTree = "<group>"; };
		2D5409DE175DEE2100718FFB /* UIWebView+RemoveShadow.m */ = {isa = PBXFileReference; fileEncoding = 4; lastKnownFileType = sourcecode.c.objc; path = "UIWebView+RemoveShadow.m"; sourceTree = "<group>"; };
		2D5DEE68174C9BAB00F21FC2 /* left_menu@2x.png */ = {isa = PBXFileReference; lastKnownFileType = image.png; path = "left_menu@2x.png"; sourceTree = "<group>"; };
		2D86D59417584E420000AA6A /* JDONewsCategoryInfo.h */ = {isa = PBXFileReference; fileEncoding = 4; lastKnownFileType = sourcecode.c.h; path = JDONewsCategoryInfo.h; sourceTree = "<group>"; };
		2D86D59517584E420000AA6A /* JDONewsCategoryInfo.m */ = {isa = PBXFileReference; fileEncoding = 4; lastKnownFileType = sourcecode.c.objc; path = JDONewsCategoryInfo.m; sourceTree = "<group>"; };
		2D86D59D175872FE0000AA6A /* JDONewsModel.h */ = {isa = PBXFileReference; fileEncoding = 4; lastKnownFileType = sourcecode.c.h; path = JDONewsModel.h; sourceTree = "<group>"; };
		2D86D59E175872FE0000AA6A /* JDONewsModel.m */ = {isa = PBXFileReference; fileEncoding = 4; lastKnownFileType = sourcecode.c.objc; path = JDONewsModel.m; sourceTree = "<group>"; };
		2D86D5A0175875630000AA6A /* NSArray+Model.h */ = {isa = PBXFileReference; fileEncoding = 4; lastKnownFileType = sourcecode.c.h; path = "NSArray+Model.h"; sourceTree = "<group>"; };
		2D86D5A1175875630000AA6A /* NSArray+Model.m */ = {isa = PBXFileReference; fileEncoding = 4; lastKnownFileType = sourcecode.c.objc; path = "NSArray+Model.m"; sourceTree = "<group>"; };
		2D86D5A3175885E50000AA6A /* JDONewsTableCell.h */ = {isa = PBXFileReference; fileEncoding = 4; lastKnownFileType = sourcecode.c.h; path = JDONewsTableCell.h; sourceTree = "<group>"; };
		2D86D5A4175885E50000AA6A /* JDONewsTableCell.m */ = {isa = PBXFileReference; fileEncoding = 4; lastKnownFileType = sourcecode.c.objc; path = JDONewsTableCell.m; sourceTree = "<group>"; };
		2D86D5A917588E330000AA6A /* JDOCommonUtil.h */ = {isa = PBXFileReference; fileEncoding = 4; lastKnownFileType = sourcecode.c.h; path = JDOCommonUtil.h; sourceTree = "<group>"; };
		2D86D5AA17588E330000AA6A /* JDOCommonUtil.m */ = {isa = PBXFileReference; fileEncoding = 4; lastKnownFileType = sourcecode.c.objc; path = JDOCommonUtil.m; sourceTree = "<group>"; };
		2D86D5AC175894970000AA6A /* JDOCenterViewController.h */ = {isa = PBXFileReference; fileEncoding = 4; lastKnownFileType = sourcecode.c.h; path = JDOCenterViewController.h; sourceTree = "<group>"; };
		2D86D5AD175894980000AA6A /* JDOCenterViewController.m */ = {isa = PBXFileReference; fileEncoding = 4; lastKnownFileType = sourcecode.c.objc; path = JDOCenterViewController.m; sourceTree = "<group>"; };
		2D89BA4A1754825600960614 /* JDONewsCategoryView.h */ = {isa = PBXFileReference; fileEncoding = 4; lastKnownFileType = sourcecode.c.h; path = JDONewsCategoryView.h; sourceTree = "<group>"; };
		2D89BA4B1754825600960614 /* JDONewsCategoryView.m */ = {isa = PBXFileReference; fileEncoding = 4; lastKnownFileType = sourcecode.c.objc; path = JDONewsCategoryView.m; sourceTree = "<group>"; };
		2D8AB31E17526A3200F3AAAC /* JDONewsViewController.xib */ = {isa = PBXFileReference; fileEncoding = 4; lastKnownFileType = file.xib; path = JDONewsViewController.xib; sourceTree = "<group>"; };
		2D8B403A175A37A700C8B04F /* QuartzCore.framework */ = {isa = PBXFileReference; lastKnownFileType = wrapper.framework; name = QuartzCore.framework; path = System/Library/Frameworks/QuartzCore.framework; sourceTree = SDKROOT; };
		2D8B404E175A495500C8B04F /* NIActions.h */ = {isa = PBXFileReference; fileEncoding = 4; lastKnownFileType = sourcecode.c.h; path = NIActions.h; sourceTree = "<group>"; };
		2D8B404F175A495500C8B04F /* NIActions.m */ = {isa = PBXFileReference; fileEncoding = 4; lastKnownFileType = sourcecode.c.objc; path = NIActions.m; sourceTree = "<group>"; };
		2D8B4050175A495500C8B04F /* NIActions+Subclassing.h */ = {isa = PBXFileReference; fileEncoding = 4; lastKnownFileType = sourcecode.c.h; path = "NIActions+Subclassing.h"; sourceTree = "<group>"; };
		2D8B4051175A495500C8B04F /* NIButtonUtilities.h */ = {isa = PBXFileReference; fileEncoding = 4; lastKnownFileType = sourcecode.c.h; path = NIButtonUtilities.h; sourceTree = "<group>"; };
		2D8B4052175A495500C8B04F /* NIButtonUtilities.m */ = {isa = PBXFileReference; fileEncoding = 4; lastKnownFileType = sourcecode.c.objc; path = NIButtonUtilities.m; sourceTree = "<group>"; };
		2D8B4053175A495500C8B04F /* NICommonMetrics.h */ = {isa = PBXFileReference; fileEncoding = 4; lastKnownFileType = sourcecode.c.h; path = NICommonMetrics.h; sourceTree = "<group>"; };
		2D8B4054175A495500C8B04F /* NICommonMetrics.m */ = {isa = PBXFileReference; fileEncoding = 4; lastKnownFileType = sourcecode.c.objc; path = NICommonMetrics.m; sourceTree = "<group>"; };
		2D8B4055175A495500C8B04F /* NIDataStructures.h */ = {isa = PBXFileReference; fileEncoding = 4; lastKnownFileType = sourcecode.c.h; path = NIDataStructures.h; sourceTree = "<group>"; };
		2D8B4056175A495500C8B04F /* NIDataStructures.m */ = {isa = PBXFileReference; fileEncoding = 4; lastKnownFileType = sourcecode.c.objc; path = NIDataStructures.m; sourceTree = "<group>"; };
		2D8B4057175A495500C8B04F /* NIDebuggingTools.h */ = {isa = PBXFileReference; fileEncoding = 4; lastKnownFileType = sourcecode.c.h; path = NIDebuggingTools.h; sourceTree = "<group>"; };
		2D8B4058175A495500C8B04F /* NIDebuggingTools.m */ = {isa = PBXFileReference; fileEncoding = 4; lastKnownFileType = sourcecode.c.objc; path = NIDebuggingTools.m; sourceTree = "<group>"; };
		2D8B4059175A495500C8B04F /* NIDeviceOrientation.h */ = {isa = PBXFileReference; fileEncoding = 4; lastKnownFileType = sourcecode.c.h; path = NIDeviceOrientation.h; sourceTree = "<group>"; };
		2D8B405A175A495500C8B04F /* NIDeviceOrientation.m */ = {isa = PBXFileReference; fileEncoding = 4; lastKnownFileType = sourcecode.c.objc; path = NIDeviceOrientation.m; sourceTree = "<group>"; };
		2D8B405B175A495500C8B04F /* NIError.h */ = {isa = PBXFileReference; fileEncoding = 4; lastKnownFileType = sourcecode.c.h; path = NIError.h; sourceTree = "<group>"; };
		2D8B405C175A495500C8B04F /* NIError.m */ = {isa = PBXFileReference; fileEncoding = 4; lastKnownFileType = sourcecode.c.objc; path = NIError.m; sourceTree = "<group>"; };
		2D8B405D175A495500C8B04F /* NIFoundationMethods.h */ = {isa = PBXFileReference; fileEncoding = 4; lastKnownFileType = sourcecode.c.h; path = NIFoundationMethods.h; sourceTree = "<group>"; };
		2D8B405E175A495500C8B04F /* NIFoundationMethods.m */ = {isa = PBXFileReference; fileEncoding = 4; lastKnownFileType = sourcecode.c.objc; path = NIFoundationMethods.m; sourceTree = "<group>"; };
		2D8B405F175A495500C8B04F /* NIImageUtilities.h */ = {isa = PBXFileReference; fileEncoding = 4; lastKnownFileType = sourcecode.c.h; path = NIImageUtilities.h; sourceTree = "<group>"; };
		2D8B4060175A495500C8B04F /* NIImageUtilities.m */ = {isa = PBXFileReference; fileEncoding = 4; lastKnownFileType = sourcecode.c.objc; path = NIImageUtilities.m; sourceTree = "<group>"; };
		2D8B4061175A495500C8B04F /* NIInMemoryCache.h */ = {isa = PBXFileReference; fileEncoding = 4; lastKnownFileType = sourcecode.c.h; path = NIInMemoryCache.h; sourceTree = "<group>"; };
		2D8B4062175A495500C8B04F /* NIInMemoryCache.m */ = {isa = PBXFileReference; fileEncoding = 4; lastKnownFileType = sourcecode.c.objc; path = NIInMemoryCache.m; sourceTree = "<group>"; };
		2D8B4063175A495500C8B04F /* NIInvocationMethods.h */ = {isa = PBXFileReference; fileEncoding = 4; lastKnownFileType = sourcecode.c.h; path = NIInvocationMethods.h; sourceTree = "<group>"; };
		2D8B4064175A495500C8B04F /* NIInvocationMethods.m */ = {isa = PBXFileReference; fileEncoding = 4; lastKnownFileType = sourcecode.c.objc; path = NIInvocationMethods.m; sourceTree = "<group>"; };
		2D8B4065175A495500C8B04F /* NimbusCore.h */ = {isa = PBXFileReference; fileEncoding = 4; lastKnownFileType = sourcecode.c.h; path = NimbusCore.h; sourceTree = "<group>"; };
		2D8B4066175A495500C8B04F /* NimbusCore+Additions.h */ = {isa = PBXFileReference; fileEncoding = 4; lastKnownFileType = sourcecode.c.h; path = "NimbusCore+Additions.h"; sourceTree = "<group>"; };
		2D8B4067175A495500C8B04F /* NINavigationAppearance.h */ = {isa = PBXFileReference; fileEncoding = 4; lastKnownFileType = sourcecode.c.h; path = NINavigationAppearance.h; sourceTree = "<group>"; };
		2D8B4068175A495500C8B04F /* NINavigationAppearance.m */ = {isa = PBXFileReference; fileEncoding = 4; lastKnownFileType = sourcecode.c.objc; path = NINavigationAppearance.m; sourceTree = "<group>"; };
		2D8B4069175A495500C8B04F /* NINetworkActivity.h */ = {isa = PBXFileReference; fileEncoding = 4; lastKnownFileType = sourcecode.c.h; path = NINetworkActivity.h; sourceTree = "<group>"; };
		2D8B406A175A495500C8B04F /* NINetworkActivity.m */ = {isa = PBXFileReference; fileEncoding = 4; lastKnownFileType = sourcecode.c.objc; path = NINetworkActivity.m; sourceTree = "<group>"; };
		2D8B406B175A495500C8B04F /* NINonEmptyCollectionTesting.h */ = {isa = PBXFileReference; fileEncoding = 4; lastKnownFileType = sourcecode.c.h; path = NINonEmptyCollectionTesting.h; sourceTree = "<group>"; };
		2D8B406C175A495500C8B04F /* NINonEmptyCollectionTesting.m */ = {isa = PBXFileReference; fileEncoding = 4; lastKnownFileType = sourcecode.c.objc; path = NINonEmptyCollectionTesting.m; sourceTree = "<group>"; };
		2D8B406D175A495500C8B04F /* NINonRetainingCollections.h */ = {isa = PBXFileReference; fileEncoding = 4; lastKnownFileType = sourcecode.c.h; path = NINonRetainingCollections.h; sourceTree = "<group>"; };
		2D8B406E175A495500C8B04F /* NINonRetainingCollections.m */ = {isa = PBXFileReference; fileEncoding = 4; lastKnownFileType = sourcecode.c.objc; path = NINonRetainingCollections.m; sourceTree = "<group>"; };
		2D8B406F175A495500C8B04F /* NIOperations.h */ = {isa = PBXFileReference; fileEncoding = 4; lastKnownFileType = sourcecode.c.h; path = NIOperations.h; sourceTree = "<group>"; };
		2D8B4070175A495500C8B04F /* NIOperations.m */ = {isa = PBXFileReference; fileEncoding = 4; lastKnownFileType = sourcecode.c.objc; path = NIOperations.m; sourceTree = "<group>"; };
		2D8B4071175A495500C8B04F /* NIOperations+Subclassing.h */ = {isa = PBXFileReference; fileEncoding = 4; lastKnownFileType = sourcecode.c.h; path = "NIOperations+Subclassing.h"; sourceTree = "<group>"; };
		2D8B4072175A495500C8B04F /* NIPaths.h */ = {isa = PBXFileReference; fileEncoding = 4; lastKnownFileType = sourcecode.c.h; path = NIPaths.h; sourceTree = "<group>"; };
		2D8B4073175A495500C8B04F /* NIPaths.m */ = {isa = PBXFileReference; fileEncoding = 4; lastKnownFileType = sourcecode.c.objc; path = NIPaths.m; sourceTree = "<group>"; };
		2D8B4074175A495500C8B04F /* NIPreprocessorMacros.h */ = {isa = PBXFileReference; fileEncoding = 4; lastKnownFileType = sourcecode.c.h; path = NIPreprocessorMacros.h; sourceTree = "<group>"; };
		2D8B4075175A495500C8B04F /* NIRuntimeClassModifications.h */ = {isa = PBXFileReference; fileEncoding = 4; lastKnownFileType = sourcecode.c.h; path = NIRuntimeClassModifications.h; sourceTree = "<group>"; };
		2D8B4076175A495500C8B04F /* NIRuntimeClassModifications.m */ = {isa = PBXFileReference; fileEncoding = 4; lastKnownFileType = sourcecode.c.objc; path = NIRuntimeClassModifications.m; sourceTree = "<group>"; };
		2D8B4077175A495500C8B04F /* NISDKAvailability.h */ = {isa = PBXFileReference; fileEncoding = 4; lastKnownFileType = sourcecode.c.h; path = NISDKAvailability.h; sourceTree = "<group>"; };
		2D8B4078175A495500C8B04F /* NISDKAvailability.m */ = {isa = PBXFileReference; fileEncoding = 4; lastKnownFileType = sourcecode.c.objc; path = NISDKAvailability.m; sourceTree = "<group>"; };
		2D8B4079175A495500C8B04F /* NISnapshotRotation.h */ = {isa = PBXFileReference; fileEncoding = 4; lastKnownFileType = sourcecode.c.h; path = NISnapshotRotation.h; sourceTree = "<group>"; };
		2D8B407A175A495500C8B04F /* NISnapshotRotation.m */ = {isa = PBXFileReference; fileEncoding = 4; lastKnownFileType = sourcecode.c.objc; path = NISnapshotRotation.m; sourceTree = "<group>"; };
		2D8B407B175A495500C8B04F /* NIState.h */ = {isa = PBXFileReference; fileEncoding = 4; lastKnownFileType = sourcecode.c.h; path = NIState.h; sourceTree = "<group>"; };
		2D8B407C175A495500C8B04F /* NIState.m */ = {isa = PBXFileReference; fileEncoding = 4; lastKnownFileType = sourcecode.c.objc; path = NIState.m; sourceTree = "<group>"; };
		2D8B407D175A495500C8B04F /* NIViewRecycler.h */ = {isa = PBXFileReference; fileEncoding = 4; lastKnownFileType = sourcecode.c.h; path = NIViewRecycler.h; sourceTree = "<group>"; };
		2D8B407E175A495500C8B04F /* NIViewRecycler.m */ = {isa = PBXFileReference; fileEncoding = 4; lastKnownFileType = sourcecode.c.objc; path = NIViewRecycler.m; sourceTree = "<group>"; };
		2D8B407F175A495500C8B04F /* NSString+NimbusCore.h */ = {isa = PBXFileReference; fileEncoding = 4; lastKnownFileType = sourcecode.c.h; path = "NSString+NimbusCore.h"; sourceTree = "<group>"; };
		2D8B4080175A495500C8B04F /* NSString+NimbusCore.m */ = {isa = PBXFileReference; fileEncoding = 4; lastKnownFileType = sourcecode.c.objc; path = "NSString+NimbusCore.m"; sourceTree = "<group>"; };
		2D8B4098175A496200C8B04F /* NimbusPagingScrollView.h */ = {isa = PBXFileReference; fileEncoding = 4; lastKnownFileType = sourcecode.c.h; path = NimbusPagingScrollView.h; sourceTree = "<group>"; };
		2D8B4099175A496200C8B04F /* NIPageView.h */ = {isa = PBXFileReference; fileEncoding = 4; lastKnownFileType = sourcecode.c.h; name = NIPageView.h; path = JiaodongOnlineNews/Vendors/NIPageView.h; sourceTree = SOURCE_ROOT; };
		2D8B409A175A496200C8B04F /* NIPageView.m */ = {isa = PBXFileReference; fileEncoding = 4; lastKnownFileType = sourcecode.c.objc; name = NIPageView.m; path = JiaodongOnlineNews/Vendors/NIPageView.m; sourceTree = SOURCE_ROOT; };
		2D8B409B175A496200C8B04F /* NIPagingScrollView.h */ = {isa = PBXFileReference; fileEncoding = 4; lastKnownFileType = sourcecode.c.h; name = NIPagingScrollView.h; path = JiaodongOnlineNews/Vendors/NIPagingScrollView.h; sourceTree = SOURCE_ROOT; };
		2D8B409C175A496200C8B04F /* NIPagingScrollView.m */ = {isa = PBXFileReference; fileEncoding = 4; lastKnownFileType = sourcecode.c.objc; name = NIPagingScrollView.m; path = JiaodongOnlineNews/Vendors/NIPagingScrollView.m; sourceTree = SOURCE_ROOT; };
		2D8B409D175A496200C8B04F /* NIPagingScrollView+Subclassing.h */ = {isa = PBXFileReference; fileEncoding = 4; lastKnownFileType = sourcecode.c.h; name = "NIPagingScrollView+Subclassing.h"; path = "JiaodongOnlineNews/Vendors/NIPagingScrollView+Subclassing.h"; sourceTree = SOURCE_ROOT; };
		2D8B409E175A496200C8B04F /* NIPagingScrollViewDataSource.h */ = {isa = PBXFileReference; fileEncoding = 4; lastKnownFileType = sourcecode.c.h; name = NIPagingScrollViewDataSource.h; path = JiaodongOnlineNews/Vendors/NIPagingScrollViewDataSource.h; sourceTree = SOURCE_ROOT; };
		2D8B409F175A496200C8B04F /* NIPagingScrollViewDelegate.h */ = {isa = PBXFileReference; fileEncoding = 4; lastKnownFileType = sourcecode.c.h; name = NIPagingScrollViewDelegate.h; path = JiaodongOnlineNews/Vendors/NIPagingScrollViewDelegate.h; sourceTree = SOURCE_ROOT; };
		2D8B40A0175A496200C8B04F /* NIPagingScrollViewPage.h */ = {isa = PBXFileReference; fileEncoding = 4; lastKnownFileType = sourcecode.c.h; name = NIPagingScrollViewPage.h; path = JiaodongOnlineNews/Vendors/NIPagingScrollViewPage.h; sourceTree = SOURCE_ROOT; };
		2D8D44EB174DA7B500786545 /* top_navigation_back_highlighted@2x.png */ = {isa = PBXFileReference; lastKnownFileType = image.png; path = "top_navigation_back_highlighted@2x.png"; sourceTree = "<group>"; };
		2D8D44EC174DA7B500786545 /* top_navigation_back@2x.png */ = {isa = PBXFileReference; lastKnownFileType = image.png; path = "top_navigation_back@2x.png"; sourceTree = "<group>"; };
		2D8D44EF174DAB2800786545 /* JDONavigationView.h */ = {isa = PBXFileReference; fileEncoding = 4; lastKnownFileType = sourcecode.c.h; path = JDONavigationView.h; sourceTree = "<group>"; };
		2D8D44F0174DAB2800786545 /* JDONavigationView.m */ = {isa = PBXFileReference; fileEncoding = 4; lastKnownFileType = sourcecode.c.objc; path = JDONavigationView.m; sourceTree = "<group>"; };
		2D8E4B77175F8FEC00B94E57 /* leftside_shadow_bg@2x.png */ = {isa = PBXFileReference; lastKnownFileType = image.png; path = "leftside_shadow_bg@2x.png"; sourceTree = "<group>"; };
		2D8ED76D1754F3B40093A574 /* progressbar_logo.png */ = {isa = PBXFileReference; lastKnownFileType = image.png; path = progressbar_logo.png; sourceTree = "<group>"; };
		2D8ED76F1754F4270093A574 /* default_icon.png */ = {isa = PBXFileReference; lastKnownFileType = image.png; path = default_icon.png; sourceTree = "<group>"; };
		2D8ED7711754F43A0093A574 /* bad_net.png */ = {isa = PBXFileReference; lastKnownFileType = image.png; path = bad_net.png; sourceTree = "<group>"; };
		2D8ED7731754FD910093A574 /* retry.png */ = {isa = PBXFileReference; lastKnownFileType = image.png; path = retry.png; sourceTree = "<group>"; };
		2D8FAC1F174896220071A601 /* icon.png */ = {isa = PBXFileReference; lastKnownFileType = image.png; path = icon.png; sourceTree = "<group>"; };
		2D8FAC23174898BA0071A601 /* Default.png */ = {isa = PBXFileReference; lastKnownFileType = image.png; path = Default.png; sourceTree = "<group>"; };
		2D8FAC2F1748AC470071A601 /* zh-Hans */ = {isa = PBXFileReference; lastKnownFileType = text.plist.strings; name = "zh-Hans"; path = "zh-Hans.lproj/InfoPlist.strings"; sourceTree = "<group>"; };
		2D93122917600A2500C73802 /* UIView+Transition.h */ = {isa = PBXFileReference; fileEncoding = 4; lastKnownFileType = sourcecode.c.h; path = "UIView+Transition.h"; sourceTree = "<group>"; };
		2D93122A17600A2500C73802 /* UIView+Transition.m */ = {isa = PBXFileReference; fileEncoding = 4; lastKnownFileType = sourcecode.c.objc; path = "UIView+Transition.m"; sourceTree = "<group>"; };
		2D9678B9174AF78A008AC097 /* JDOImageUtil.h */ = {isa = PBXFileReference; fileEncoding = 4; lastKnownFileType = sourcecode.c.h; path = JDOImageUtil.h; sourceTree = "<group>"; };
		2D9678BA174AF78A008AC097 /* JDOImageUtil.m */ = {isa = PBXFileReference; fileEncoding = 4; lastKnownFileType = sourcecode.c.objc; path = JDOImageUtil.m; sourceTree = "<group>"; };
		2D98BF7F175C3FAF00530C0B /* SVPullToRefresh.h */ = {isa = PBXFileReference; fileEncoding = 4; lastKnownFileType = sourcecode.c.h; path = SVPullToRefresh.h; sourceTree = "<group>"; };
		2D98BF80175C3FAF00530C0B /* UIScrollView+SVInfiniteScrolling.h */ = {isa = PBXFileReference; fileEncoding = 4; lastKnownFileType = sourcecode.c.h; path = "UIScrollView+SVInfiniteScrolling.h"; sourceTree = "<group>"; };
		2D98BF81175C3FAF00530C0B /* UIScrollView+SVInfiniteScrolling.m */ = {isa = PBXFileReference; fileEncoding = 4; lastKnownFileType = sourcecode.c.objc; path = "UIScrollView+SVInfiniteScrolling.m"; sourceTree = "<group>"; };
		2D98BF82175C3FAF00530C0B /* UIScrollView+SVPullToRefresh.h */ = {isa = PBXFileReference; fileEncoding = 4; lastKnownFileType = sourcecode.c.h; path = "UIScrollView+SVPullToRefresh.h"; sourceTree = "<group>"; };
		2D98BF83175C3FAF00530C0B /* UIScrollView+SVPullToRefresh.m */ = {isa = PBXFileReference; fileEncoding = 4; lastKnownFileType = sourcecode.c.objc; path = "UIScrollView+SVPullToRefresh.m"; sourceTree = "<group>"; };
		2D996A92175ED55700C57673 /* JDOImageViewController.h */ = {isa = PBXFileReference; fileEncoding = 4; lastKnownFileType = sourcecode.c.h; path = JDOImageViewController.h; sourceTree = "<group>"; };
		2D996A93175ED55700C57673 /* JDOImageViewController.m */ = {isa = PBXFileReference; fileEncoding = 4; lastKnownFileType = sourcecode.c.objc; path = JDOImageViewController.m; sourceTree = "<group>"; };
		2D996A99175F29AF00C57673 /* MLNavigationController.h */ = {isa = PBXFileReference; fileEncoding = 4; lastKnownFileType = sourcecode.c.h; path = MLNavigationController.h; sourceTree = "<group>"; };
		2D996A9A175F29AF00C57673 /* MLNavigationController.m */ = {isa = PBXFileReference; fileEncoding = 4; lastKnownFileType = sourcecode.c.objc; path = MLNavigationController.m; sourceTree = "<group>"; };
		2D9C7493175C87EC00B74ACE /* Localizable.strings */ = {isa = PBXFileReference; fileEncoding = 4; lastKnownFileType = text.plist.strings; path = Localizable.strings; sourceTree = "<group>"; };
		2D9FDC08175D6B37003EAF78 /* JDOHttpClient.h */ = {isa = PBXFileReference; fileEncoding = 4; lastKnownFileType = sourcecode.c.h; path = JDOHttpClient.h; sourceTree = "<group>"; };
		2D9FDC09175D6B37003EAF78 /* JDOHttpClient.m */ = {isa = PBXFileReference; fileEncoding = 4; lastKnownFileType = sourcecode.c.objc; path = JDOHttpClient.m; sourceTree = "<group>"; };
		2D9FDC0C175D7922003EAF78 /* JDOJsonClient.h */ = {isa = PBXFileReference; fileEncoding = 4; lastKnownFileType = sourcecode.c.h; path = JDOJsonClient.h; sourceTree = "<group>"; };
		2D9FDC0D175D7922003EAF78 /* JDOJsonClient.m */ = {isa = PBXFileReference; fileEncoding = 4; lastKnownFileType = sourcecode.c.objc; path = JDOJsonClient.m; sourceTree = "<group>"; };
		2D9FDC0F175D7980003EAF78 /* JDOWebClient.h */ = {isa = PBXFileReference; fileEncoding = 4; lastKnownFileType = sourcecode.c.h; path = JDOWebClient.h; sourceTree = "<group>"; };
		2DDFCCDF174D167D007E89F9 /* JDOSettingViewController.h */ = {isa = PBXFileReference; fileEncoding = 4; lastKnownFileType = sourcecode.c.h; path = JDOSettingViewController.h; sourceTree = "<group>"; };
		2DDFCCE0174D167D007E89F9 /* JDOSettingViewController.m */ = {isa = PBXFileReference; fileEncoding = 4; lastKnownFileType = sourcecode.c.objc; path = JDOSettingViewController.m; sourceTree = "<group>"; };
		2DDFCCE1174D167D007E89F9 /* JDOSettingViewController.xib */ = {isa = PBXFileReference; fileEncoding = 4; lastKnownFileType = file.xib; path = JDOSettingViewController.xib; sourceTree = "<group>"; };
		2DE0845D175B872700A1A6BC /* JDONewsHeadCell.h */ = {isa = PBXFileReference; fileEncoding = 4; lastKnownFileType = sourcecode.c.h; path = JDONewsHeadCell.h; sourceTree = "<group>"; };
		2DE0845E175B872700A1A6BC /* JDONewsHeadCell.m */ = {isa = PBXFileReference; fileEncoding = 4; lastKnownFileType = sourcecode.c.objc; path = JDONewsHeadCell.m; sourceTree = "<group>"; };
		2DF21F52174CA93B000DEB70 /* right_menu@2x.png */ = {isa = PBXFileReference; lastKnownFileType = image.png; path = "right_menu@2x.png"; sourceTree = "<group>"; };
		5F222CF8F96D417D992D04DB /* Pods.xcconfig */ = {isa = PBXFileReference; includeInIndex = 1; lastKnownFileType = text.xcconfig; name = Pods.xcconfig; path = Pods/Pods.xcconfig; sourceTree = SOURCE_ROOT; };
		C246968741DD4E76840F4CBA /* libPods.a */ = {isa = PBXFileReference; explicitFileType = archive.ar; includeInIndex = 0; path = libPods.a; sourceTree = BUILT_PRODUCTS_DIR; };
		D83DAB711756DD6C0019B316 /* JDOFeedbackViewController.h */ = {isa = PBXFileReference; fileEncoding = 4; lastKnownFileType = sourcecode.c.h; path = JDOFeedbackViewController.h; sourceTree = "<group>"; };
		D83DAB721756DD6C0019B316 /* JDOFeedbackViewController.m */ = {isa = PBXFileReference; fileEncoding = 4; lastKnownFileType = sourcecode.c.objc; path = JDOFeedbackViewController.m; sourceTree = "<group>"; };
		D83DAB731756DD6C0019B316 /* JDOFeedbackViewController.xib */ = {isa = PBXFileReference; fileEncoding = 4; lastKnownFileType = file.xib; path = JDOFeedbackViewController.xib; sourceTree = "<group>"; };
		FF19A046175F39A000375716 /* JDOListView.h */ = {isa = PBXFileReference; fileEncoding = 4; lastKnownFileType = sourcecode.c.h; path = JDOListView.h; sourceTree = "<group>"; };
		FF19A047175F39A000375716 /* JDOListView.m */ = {isa = PBXFileReference; fileEncoding = 4; lastKnownFileType = sourcecode.c.objc; path = JDOListView.m; sourceTree = "<group>"; };
		FFD8B6831756DD69007B878C /* JDOAboutUsViewController.h */ = {isa = PBXFileReference; fileEncoding = 4; lastKnownFileType = sourcecode.c.h; path = JDOAboutUsViewController.h; sourceTree = "<group>"; };
		FFD8B6841756DD69007B878C /* JDOAboutUsViewController.m */ = {isa = PBXFileReference; fileEncoding = 4; lastKnownFileType = sourcecode.c.objc; path = JDOAboutUsViewController.m; sourceTree = "<group>"; };
		FFD8B6861756E779007B878C /* aboutus.png */ = {isa = PBXFileReference; lastKnownFileType = image.png; path = aboutus.png; sourceTree = "<group>"; };
/* End PBXFileReference section */

/* Begin PBXFrameworksBuildPhase section */
		2D080CCF173CE4D9005653A7 /* Frameworks */ = {
			isa = PBXFrameworksBuildPhase;
			buildActionMask = 2147483647;
			files = (
				2D5409D9175DE62900718FFB /* libicucore.dylib in Frameworks */,
				2D8B403B175A37A700C8B04F /* QuartzCore.framework in Frameworks */,
				2D01E67F1748D84E00B81568 /* SystemConfiguration.framework in Frameworks */,
				2D080CD6173CE4D9005653A7 /* UIKit.framework in Frameworks */,
				2D080CD8173CE4D9005653A7 /* Foundation.framework in Frameworks */,
				2D080CDA173CE4D9005653A7 /* CoreGraphics.framework in Frameworks */,
				C59C19336B7C490A80E26DCF /* libPods.a in Frameworks */,
			);
			runOnlyForDeploymentPostprocessing = 0;
		};
/* End PBXFrameworksBuildPhase section */

/* Begin PBXGroup section */
		2D01E67A1748D78300B81568 /* Utils */ = {
			isa = PBXGroup;
			children = (
				2D01E67B1748D82E00B81568 /* Reachability.h */,
				2D01E67C1748D82E00B81568 /* Reachability.m */,
				2D19CFDF17499F3800BDAE39 /* JDOPathUtil.h */,
				2D19CFE017499F3800BDAE39 /* JDOPathUtil.m */,
				2D9678B9174AF78A008AC097 /* JDOImageUtil.h */,
				2D9678BA174AF78A008AC097 /* JDOImageUtil.m */,
				2D86D5A917588E330000AA6A /* JDOCommonUtil.h */,
				2D86D5AA17588E330000AA6A /* JDOCommonUtil.m */,
				2D86D5A0175875630000AA6A /* NSArray+Model.h */,
				2D86D5A1175875630000AA6A /* NSArray+Model.m */,
				2D1DDB59175E2BBC0048F7A7 /* NSDictionary+Model.h */,
				2D1DDB5A175E2BBC0048F7A7 /* NSDictionary+Model.m */,
			);
			name = Utils;
			sourceTree = "<group>";
		};
		2D080CC9173CE4D9005653A7 = {
			isa = PBXGroup;
			children = (
				2D080CDB173CE4D9005653A7 /* Classes */,
				2D8B403C175A467C00C8B04F /* Vendors */,
				2D8FAC211748969B0071A601 /* Resources */,
				2D8FAC22174897250071A601 /* Others */,
				2D080CD4173CE4D9005653A7 /* Frameworks */,
				2D080CD3173CE4D9005653A7 /* Products */,
				5F222CF8F96D417D992D04DB /* Pods.xcconfig */,
			);
			sourceTree = "<group>";
		};
		2D080CD3173CE4D9005653A7 /* Products */ = {
			isa = PBXGroup;
			children = (
				2D080CD2173CE4D9005653A7 /* JiaodongOnlineNews.app */,
			);
			name = Products;
			sourceTree = "<group>";
		};
		2D080CD4173CE4D9005653A7 /* Frameworks */ = {
			isa = PBXGroup;
			children = (
				2D5409D8175DE62900718FFB /* libicucore.dylib */,
				2D8B403A175A37A700C8B04F /* QuartzCore.framework */,
				2D01E67E1748D84E00B81568 /* SystemConfiguration.framework */,
				2D080CD5173CE4D9005653A7 /* UIKit.framework */,
				2D080CD7173CE4D9005653A7 /* Foundation.framework */,
				2D080CD9173CE4D9005653A7 /* CoreGraphics.framework */,
				C246968741DD4E76840F4CBA /* libPods.a */,
			);
			name = Frameworks;
			sourceTree = "<group>";
		};
		2D080CDB173CE4D9005653A7 /* Classes */ = {
			isa = PBXGroup;
			children = (
				2D080CE4173CE4D9005653A7 /* JDOAppDelegate.h */,
				2D080CE5173CE4D9005653A7 /* JDOAppDelegate.m */,
				2D86D5AC175894970000AA6A /* JDOCenterViewController.h */,
				2D86D5AD175894980000AA6A /* JDOCenterViewController.m */,
				2D080CED173CE4D9005653A7 /* JDONewsViewController.h */,
				2D080CEE173CE4D9005653A7 /* JDONewsViewController.m */,
				2D8AB31E17526A3200F3AAAC /* JDONewsViewController.xib */,
				2D5409DA175DEA5800718FFB /* JDONewsDetailController.h */,
				2D5409DB175DEA5800718FFB /* JDONewsDetailController.m */,
				2D996A92175ED55700C57673 /* JDOImageViewController.h */,
				2D996A93175ED55700C57673 /* JDOImageViewController.m */,
				2D19CFE3174A3F8700BDAE39 /* JDOLeftViewController.h */,
				2D19CFE4174A3F8700BDAE39 /* JDOLeftViewController.m */,
				2D19CFE5174A3F8700BDAE39 /* JDOLeftViewController.xib */,
				2D19CFE6174A3F8700BDAE39 /* JDORightViewController.h */,
				2D19CFE7174A3F8700BDAE39 /* JDORightViewController.m */,
				2D19CFE8174A3F8700BDAE39 /* JDORightViewController.xib */,
				2DDFCCDF174D167D007E89F9 /* JDOSettingViewController.h */,
				2DDFCCE0174D167D007E89F9 /* JDOSettingViewController.m */,
				2DDFCCE1174D167D007E89F9 /* JDOSettingViewController.xib */,
				FFD8B6831756DD69007B878C /* JDOAboutUsViewController.h */,
				FFD8B6841756DD69007B878C /* JDOAboutUsViewController.m */,
				D83DAB711756DD6C0019B316 /* JDOFeedbackViewController.h */,
				D83DAB721756DD6C0019B316 /* JDOFeedbackViewController.m */,
				D83DAB731756DD6C0019B316 /* JDOFeedbackViewController.xib */,
				2D9FDC0B175D78F6003EAF78 /* Http */,
				2D86D59317584E030000AA6A /* Model */,
				2D8D44F9174DF21800786545 /* Views */,
				2D01E67A1748D78300B81568 /* Utils */,
			);
			name = Classes;
			path = JiaodongOnlineNews/Classes;
			sourceTree = "<group>";
		};
		2D5409BB175DE5AE00718FFB /* MGTemplateEngine */ = {
			isa = PBXGroup;
			children = (
				2D5409C8175DE60F00718FFB /* ICUTemplateMatcher.h */,
				2D5409C9175DE60F00718FFB /* ICUTemplateMatcher.m */,
				2D5409CA175DE60F00718FFB /* RegexKitLite.h */,
				2D5409CB175DE60F00718FFB /* RegexKitLite.m */,
				2D5409CE175DE60F00718FFB /* DeepMutableCopy.h */,
				2D5409CF175DE60F00718FFB /* NSArray_DeepMutableCopy.h */,
				2D5409D0175DE60F00718FFB /* NSArray_DeepMutableCopy.m */,
				2D5409D1175DE60F00718FFB /* NSDictionary_DeepMutableCopy.h */,
				2D5409D2175DE60F00718FFB /* NSDictionary_DeepMutableCopy.m */,
				2D5409BC175DE5D300718FFB /* MGTemplateEngine.h */,
				2D5409BD175DE5D300718FFB /* MGTemplateEngine.m */,
				2D5409BE175DE5D300718FFB /* MGTemplateMarker.h */,
				2D5409BF175DE5D300718FFB /* MGTemplateFilter.h */,
				2D5409C0175DE5D300718FFB /* MGTemplateStandardMarkers.h */,
				2D5409C1175DE5D300718FFB /* MGTemplateStandardMarkers.m */,
				2D5409C2175DE5D300718FFB /* MGTemplateStandardFilters.h */,
				2D5409C3175DE5D300718FFB /* MGTemplateStandardFilters.m */,
			);
			name = MGTemplateEngine;
			sourceTree = "<group>";
		};
		2D86D59317584E030000AA6A /* Model */ = {
			isa = PBXGroup;
			children = (
				2D86D59417584E420000AA6A /* JDONewsCategoryInfo.h */,
				2D86D59517584E420000AA6A /* JDONewsCategoryInfo.m */,
				2D86D59D175872FE0000AA6A /* JDONewsModel.h */,
				2D86D59E175872FE0000AA6A /* JDONewsModel.m */,
				2D1DDB56175E2AD10048F7A7 /* JDONewsDetailModel.h */,
				2D1DDB57175E2AD10048F7A7 /* JDONewsDetailModel.m */,
			);
			name = Model;
			sourceTree = "<group>";
		};
		2D8B403C175A467C00C8B04F /* Vendors */ = {
			isa = PBXGroup;
			children = (
				2D996A98175F298F00C57673 /* MultiLayerNavigation */,
				2D5409BB175DE5AE00718FFB /* MGTemplateEngine */,
				2D98BF7E175C3F8100530C0B /* SVPullToRefresh */,
				2D8B404B175A482200C8B04F /* Nimbus */,
			);
			name = Vendors;
			path = JiaodongOnlineNews/Vendors;
			sourceTree = "<group>";
		};
		2D8B404B175A482200C8B04F /* Nimbus */ = {
			isa = PBXGroup;
			children = (
				2D8B404D175A483300C8B04F /* PagingScrollView */,
				2D8B404C175A482E00C8B04F /* Core */,
			);
			name = Nimbus;
			sourceTree = "<group>";
		};
		2D8B404C175A482E00C8B04F /* Core */ = {
			isa = PBXGroup;
			children = (
				2D8B404E175A495500C8B04F /* NIActions.h */,
				2D8B404F175A495500C8B04F /* NIActions.m */,
				2D8B4050175A495500C8B04F /* NIActions+Subclassing.h */,
				2D8B4051175A495500C8B04F /* NIButtonUtilities.h */,
				2D8B4052175A495500C8B04F /* NIButtonUtilities.m */,
				2D8B4053175A495500C8B04F /* NICommonMetrics.h */,
				2D8B4054175A495500C8B04F /* NICommonMetrics.m */,
				2D8B4055175A495500C8B04F /* NIDataStructures.h */,
				2D8B4056175A495500C8B04F /* NIDataStructures.m */,
				2D8B4057175A495500C8B04F /* NIDebuggingTools.h */,
				2D8B4058175A495500C8B04F /* NIDebuggingTools.m */,
				2D8B4059175A495500C8B04F /* NIDeviceOrientation.h */,
				2D8B405A175A495500C8B04F /* NIDeviceOrientation.m */,
				2D8B405B175A495500C8B04F /* NIError.h */,
				2D8B405C175A495500C8B04F /* NIError.m */,
				2D8B405D175A495500C8B04F /* NIFoundationMethods.h */,
				2D8B405E175A495500C8B04F /* NIFoundationMethods.m */,
				2D8B405F175A495500C8B04F /* NIImageUtilities.h */,
				2D8B4060175A495500C8B04F /* NIImageUtilities.m */,
				2D8B4061175A495500C8B04F /* NIInMemoryCache.h */,
				2D8B4062175A495500C8B04F /* NIInMemoryCache.m */,
				2D8B4063175A495500C8B04F /* NIInvocationMethods.h */,
				2D8B4064175A495500C8B04F /* NIInvocationMethods.m */,
				2D8B4065175A495500C8B04F /* NimbusCore.h */,
				2D8B4066175A495500C8B04F /* NimbusCore+Additions.h */,
				2D8B4067175A495500C8B04F /* NINavigationAppearance.h */,
				2D8B4068175A495500C8B04F /* NINavigationAppearance.m */,
				2D8B4069175A495500C8B04F /* NINetworkActivity.h */,
				2D8B406A175A495500C8B04F /* NINetworkActivity.m */,
				2D8B406B175A495500C8B04F /* NINonEmptyCollectionTesting.h */,
				2D8B406C175A495500C8B04F /* NINonEmptyCollectionTesting.m */,
				2D8B406D175A495500C8B04F /* NINonRetainingCollections.h */,
				2D8B406E175A495500C8B04F /* NINonRetainingCollections.m */,
				2D8B406F175A495500C8B04F /* NIOperations.h */,
				2D8B4070175A495500C8B04F /* NIOperations.m */,
				2D8B4071175A495500C8B04F /* NIOperations+Subclassing.h */,
				2D8B4072175A495500C8B04F /* NIPaths.h */,
				2D8B4073175A495500C8B04F /* NIPaths.m */,
				2D8B4074175A495500C8B04F /* NIPreprocessorMacros.h */,
				2D8B4075175A495500C8B04F /* NIRuntimeClassModifications.h */,
				2D8B4076175A495500C8B04F /* NIRuntimeClassModifications.m */,
				2D8B4077175A495500C8B04F /* NISDKAvailability.h */,
				2D8B4078175A495500C8B04F /* NISDKAvailability.m */,
				2D8B4079175A495500C8B04F /* NISnapshotRotation.h */,
				2D8B407A175A495500C8B04F /* NISnapshotRotation.m */,
				2D8B407B175A495500C8B04F /* NIState.h */,
				2D8B407C175A495500C8B04F /* NIState.m */,
				2D8B407D175A495500C8B04F /* NIViewRecycler.h */,
				2D8B407E175A495500C8B04F /* NIViewRecycler.m */,
				2D8B407F175A495500C8B04F /* NSString+NimbusCore.h */,
				2D8B4080175A495500C8B04F /* NSString+NimbusCore.m */,
			);
			name = Core;
			sourceTree = "<group>";
		};
		2D8B404D175A483300C8B04F /* PagingScrollView */ = {
			isa = PBXGroup;
			children = (
				2D8B4098175A496200C8B04F /* NimbusPagingScrollView.h */,
				2D8B4099175A496200C8B04F /* NIPageView.h */,
				2D8B409A175A496200C8B04F /* NIPageView.m */,
				2D8B409B175A496200C8B04F /* NIPagingScrollView.h */,
				2D8B409C175A496200C8B04F /* NIPagingScrollView.m */,
				2D8B409D175A496200C8B04F /* NIPagingScrollView+Subclassing.h */,
				2D8B409E175A496200C8B04F /* NIPagingScrollViewDataSource.h */,
				2D8B409F175A496200C8B04F /* NIPagingScrollViewDelegate.h */,
				2D8B40A0175A496200C8B04F /* NIPagingScrollViewPage.h */,
			);
			name = PagingScrollView;
			sourceTree = "<group>";
		};
		2D8D44F9174DF21800786545 /* Views */ = {
			isa = PBXGroup;
			children = (
				2D5409DD175DEE2100718FFB /* UIWebView+RemoveShadow.h */,
				2D5409DE175DEE2100718FFB /* UIWebView+RemoveShadow.m */,
				2D8D44EF174DAB2800786545 /* JDONavigationView.h */,
				2D8D44F0174DAB2800786545 /* JDONavigationView.m */,
				2D13EF90174E11D5007FF1CC /* JDOPageControl.h */,
				2D13EF91174E11D5007FF1CC /* JDOPageControl.m */,
				2D329AD31750A91100003EA2 /* JDOScrollView.h */,
				2D329AD41750A91100003EA2 /* JDOScrollView.m */,
				2D89BA4A1754825600960614 /* JDONewsCategoryView.h */,
				2D89BA4B1754825600960614 /* JDONewsCategoryView.m */,
				2D86D5A3175885E50000AA6A /* JDONewsTableCell.h */,
				2D86D5A4175885E50000AA6A /* JDONewsTableCell.m */,
				2DE0845D175B872700A1A6BC /* JDONewsHeadCell.h */,
				2DE0845E175B872700A1A6BC /* JDONewsHeadCell.m */,
				FF19A046175F39A000375716 /* JDOListView.h */,
				FF19A047175F39A000375716 /* JDOListView.m */,
				2D93122917600A2500C73802 /* UIView+Transition.h */,
				2D93122A17600A2500C73802 /* UIView+Transition.m */,
			);
			name = Views;
			sourceTree = "<group>";
		};
		2D8FAC211748969B0071A601 /* Resources */ = {
			isa = PBXGroup;
			children = (
				2D8E4B77175F8FEC00B94E57 /* leftside_shadow_bg@2x.png */,
				FFD8B6861756E779007B878C /* aboutus.png */,
				2D8ED7731754FD910093A574 /* retry.png */,
				2D8ED7711754F43A0093A574 /* bad_net.png */,
				2D8ED76F1754F4270093A574 /* default_icon.png */,
				2D8ED76D1754F3B40093A574 /* progressbar_logo.png */,
				2D13EF93174E1374007FF1CC /* navbar_background@2x.png */,
				2D13EF94174E1374007FF1CC /* navbar_selected@2x.png */,
				2D8D44EB174DA7B500786545 /* top_navigation_back_highlighted@2x.png */,
				2D8D44EC174DA7B500786545 /* top_navigation_back@2x.png */,
				2DF21F52174CA93B000DEB70 /* right_menu@2x.png */,
				2D5DEE68174C9BAB00F21FC2 /* left_menu@2x.png */,
				2D8FAC1F174896220071A601 /* icon.png */,
				2D01E6801748DB2F00B81568 /* default_adv.jpg */,
				2D8FAC23174898BA0071A601 /* Default.png */,
			);
			name = Resources;
			path = JiaodongOnlineNews/Resources;
			sourceTree = "<group>";
		};
		2D8FAC22174897250071A601 /* Others */ = {
			isa = PBXGroup;
			children = (
				2D080CDD173CE4D9005653A7 /* JiaodongOnlineNews-Info.plist */,
				2D080CE1173CE4D9005653A7 /* main.m */,
				2D080CE3173CE4D9005653A7 /* JiaodongOnlineNews-Prefix.pch */,
				2D8FAC301748AC470071A601 /* InfoPlist.strings */,
				2D9C7493175C87EC00B74ACE /* Localizable.strings */,
				2D1DDB54175E21870048F7A7 /* news_template.html */,
				2D1DDB5C175E33DC0048F7A7 /* sample_template.txt */,
				2D1DDB5E175E39EE0048F7A7 /* jquery.min.js */,
			);
			name = Others;
			path = JiaodongOnlineNews/Others;
			sourceTree = "<group>";
		};
		2D98BF7E175C3F8100530C0B /* SVPullToRefresh */ = {
			isa = PBXGroup;
			children = (
				2D98BF7F175C3FAF00530C0B /* SVPullToRefresh.h */,
				2D98BF80175C3FAF00530C0B /* UIScrollView+SVInfiniteScrolling.h */,
				2D98BF81175C3FAF00530C0B /* UIScrollView+SVInfiniteScrolling.m */,
				2D98BF82175C3FAF00530C0B /* UIScrollView+SVPullToRefresh.h */,
				2D98BF83175C3FAF00530C0B /* UIScrollView+SVPullToRefresh.m */,
			);
			name = SVPullToRefresh;
			sourceTree = "<group>";
		};
		2D996A98175F298F00C57673 /* MultiLayerNavigation */ = {
			isa = PBXGroup;
			children = (
				2D996A99175F29AF00C57673 /* MLNavigationController.h */,
				2D996A9A175F29AF00C57673 /* MLNavigationController.m */,
			);
			name = MultiLayerNavigation;
			sourceTree = "<group>";
		};
		2D9FDC0B175D78F6003EAF78 /* Http */ = {
			isa = PBXGroup;
			children = (
				2D9FDC0F175D7980003EAF78 /* JDOWebClient.h */,
				2D9FDC08175D6B37003EAF78 /* JDOHttpClient.h */,
				2D9FDC09175D6B37003EAF78 /* JDOHttpClient.m */,
				2D9FDC0C175D7922003EAF78 /* JDOJsonClient.h */,
				2D9FDC0D175D7922003EAF78 /* JDOJsonClient.m */,
			);
			name = Http;
			sourceTree = "<group>";
		};
/* End PBXGroup section */

/* Begin PBXNativeTarget section */
		2D080CD1173CE4D9005653A7 /* JiaodongOnlineNews */ = {
			isa = PBXNativeTarget;
			buildConfigurationList = 2D080CF5173CE4D9005653A7 /* Build configuration list for PBXNativeTarget "JiaodongOnlineNews" */;
			buildPhases = (
				597EC5CEFB304645A96892B1 /* Check Pods Manifest.lock */,
				2D080CCE173CE4D9005653A7 /* Sources */,
				2D080CCF173CE4D9005653A7 /* Frameworks */,
				2D080CD0173CE4D9005653A7 /* Resources */,
				51C5D08D57094706BA65EDE3 /* Copy Pods Resources */,
			);
			buildRules = (
			);
			dependencies = (
			);
			name = JiaodongOnlineNews;
			productName = JiaodongOnlineNews;
			productReference = 2D080CD2173CE4D9005653A7 /* JiaodongOnlineNews.app */;
			productType = "com.apple.product-type.application";
		};
/* End PBXNativeTarget section */

/* Begin PBXProject section */
		2D080CCA173CE4D9005653A7 /* Project object */ = {
			isa = PBXProject;
			attributes = {
				CLASSPREFIX = JDO;
				LastUpgradeCheck = 0460;
				ORGANIZATIONNAME = "胶东在线";
			};
			buildConfigurationList = 2D080CCD173CE4D9005653A7 /* Build configuration list for PBXProject "JiaodongOnlineNews" */;
			compatibilityVersion = "Xcode 3.2";
			developmentRegion = English;
			hasScannedForEncodings = 0;
			knownRegions = (
				en,
				"zh-Hans",
			);
			mainGroup = 2D080CC9173CE4D9005653A7;
			productRefGroup = 2D080CD3173CE4D9005653A7 /* Products */;
			projectDirPath = "";
			projectRoot = "";
			targets = (
				2D080CD1173CE4D9005653A7 /* JiaodongOnlineNews */,
			);
		};
/* End PBXProject section */

/* Begin PBXResourcesBuildPhase section */
		2D080CD0173CE4D9005653A7 /* Resources */ = {
			isa = PBXResourcesBuildPhase;
			buildActionMask = 2147483647;
			files = (
				2D01E6791748C81900B81568 /* InfoPlist.strings in Resources */,
				2D8FAC20174896220071A601 /* icon.png in Resources */,
				2D01E6811748DB2F00B81568 /* default_adv.jpg in Resources */,
				2D19CFEA174A3F8700BDAE39 /* JDOLeftViewController.xib in Resources */,
				2D19CFEC174A3F8700BDAE39 /* JDORightViewController.xib in Resources */,
				2D5DEE69174C9BAB00F21FC2 /* left_menu@2x.png in Resources */,
				2DF21F53174CA93B000DEB70 /* right_menu@2x.png in Resources */,
				2DDFCCE3174D167D007E89F9 /* JDOSettingViewController.xib in Resources */,
				2D8D44ED174DA7B500786545 /* top_navigation_back_highlighted@2x.png in Resources */,
				2D8D44EE174DA7B500786545 /* top_navigation_back@2x.png in Resources */,
				2D8D44F8174DEB9900786545 /* Default.png in Resources */,
				2D13EF95174E1374007FF1CC /* navbar_background@2x.png in Resources */,
				2D13EF96174E1374007FF1CC /* navbar_selected@2x.png in Resources */,
				2D8AB31F17526A3200F3AAAC /* JDONewsViewController.xib in Resources */,
				2D8ED76E1754F3B40093A574 /* progressbar_logo.png in Resources */,
				2D8ED7701754F4270093A574 /* default_icon.png in Resources */,
				2D8ED7721754F43A0093A574 /* bad_net.png in Resources */,
				2D8ED7741754FD910093A574 /* retry.png in Resources */,
				FFD8B6871756E779007B878C /* aboutus.png in Resources */,
				2D91FBD7175707A9002C1B5C /* JDOFeedbackViewController.xib in Resources */,
				2D9C7494175C87EC00B74ACE /* Localizable.strings in Resources */,
				2D1DDB55175E21870048F7A7 /* news_template.html in Resources */,
				2D1DDB5D175E33DC0048F7A7 /* sample_template.txt in Resources */,
				2D8E4B78175F8FEC00B94E57 /* leftside_shadow_bg@2x.png in Resources */,
			);
			runOnlyForDeploymentPostprocessing = 0;
		};
/* End PBXResourcesBuildPhase section */

/* Begin PBXShellScriptBuildPhase section */
		51C5D08D57094706BA65EDE3 /* Copy Pods Resources */ = {
			isa = PBXShellScriptBuildPhase;
			buildActionMask = 2147483647;
			files = (
			);
			inputPaths = (
			);
			name = "Copy Pods Resources";
			outputPaths = (
			);
			runOnlyForDeploymentPostprocessing = 0;
			shellPath = /bin/sh;
			shellScript = "\"${SRCROOT}/Pods/Pods-resources.sh\"\n";
		};
		597EC5CEFB304645A96892B1 /* Check Pods Manifest.lock */ = {
			isa = PBXShellScriptBuildPhase;
			buildActionMask = 2147483647;
			files = (
			);
			inputPaths = (
			);
			name = "Check Pods Manifest.lock";
			outputPaths = (
			);
			runOnlyForDeploymentPostprocessing = 0;
			shellPath = /bin/sh;
			shellScript = "diff \"${PODS_ROOT}/../Podfile.lock\" \"${PODS_ROOT}/Manifest.lock\" > /dev/null\nif [[ $? != 0 ]] ; then\n    cat << EOM\nerror: The sandbox is not in sync with the Podfile.lock. Run 'pod install' or update your CocoaPods installation.\nEOM\n    exit 1\nfi\n";
		};
/* End PBXShellScriptBuildPhase section */

/* Begin PBXSourcesBuildPhase section */
		2D080CCE173CE4D9005653A7 /* Sources */ = {
			isa = PBXSourcesBuildPhase;
			buildActionMask = 2147483647;
			files = (
				2D080CE2173CE4D9005653A7 /* main.m in Sources */,
				2D080CE6173CE4D9005653A7 /* JDOAppDelegate.m in Sources */,
				2D080CEF173CE4D9005653A7 /* JDONewsViewController.m in Sources */,
				2D01E67D1748D82E00B81568 /* Reachability.m in Sources */,
				2D19CFE117499F3800BDAE39 /* JDOPathUtil.m in Sources */,
				2D19CFE9174A3F8700BDAE39 /* JDOLeftViewController.m in Sources */,
				2D19CFEB174A3F8700BDAE39 /* JDORightViewController.m in Sources */,
				2D9678BB174AF78A008AC097 /* JDOImageUtil.m in Sources */,
				2DDFCCE2174D167D007E89F9 /* JDOSettingViewController.m in Sources */,
				2D8D44F1174DAB2800786545 /* JDONavigationView.m in Sources */,
				2D13EF92174E11D5007FF1CC /* JDOPageControl.m in Sources */,
				2D329AD51750A91100003EA2 /* JDOScrollView.m in Sources */,
				2D89BA4C1754825600960614 /* JDONewsCategoryView.m in Sources */,
				FFD8B6851756DD69007B878C /* JDOAboutUsViewController.m in Sources */,
				D8A2B50B1756FABF005FC835 /* JDOFeedbackViewController.m in Sources */,
				2D86D59617584E420000AA6A /* JDONewsCategoryInfo.m in Sources */,
				2D86D59F175872FE0000AA6A /* JDONewsModel.m in Sources */,
				2D86D5A2175875630000AA6A /* NSArray+Model.m in Sources */,
				2D86D5A5175885E50000AA6A /* JDONewsTableCell.m in Sources */,
				2D86D5AB17588E330000AA6A /* JDOCommonUtil.m in Sources */,
				2D86D5AE175894990000AA6A /* JDOCenterViewController.m in Sources */,
				2D8B4081175A495600C8B04F /* NIActions.m in Sources */,
				2D8B4082175A495600C8B04F /* NIButtonUtilities.m in Sources */,
				2D8B4083175A495600C8B04F /* NICommonMetrics.m in Sources */,
				2D8B4084175A495600C8B04F /* NIDataStructures.m in Sources */,
				2D8B4085175A495600C8B04F /* NIDebuggingTools.m in Sources */,
				2D8B4086175A495600C8B04F /* NIDeviceOrientation.m in Sources */,
				2D8B4087175A495600C8B04F /* NIError.m in Sources */,
				2D8B4088175A495600C8B04F /* NIFoundationMethods.m in Sources */,
				2D8B4089175A495600C8B04F /* NIImageUtilities.m in Sources */,
				2D8B408A175A495600C8B04F /* NIInMemoryCache.m in Sources */,
				2D8B408B175A495600C8B04F /* NIInvocationMethods.m in Sources */,
				2D8B408C175A495600C8B04F /* NINavigationAppearance.m in Sources */,
				2D8B408D175A495600C8B04F /* NINetworkActivity.m in Sources */,
				2D8B408E175A495600C8B04F /* NINonEmptyCollectionTesting.m in Sources */,
				2D8B408F175A495600C8B04F /* NINonRetainingCollections.m in Sources */,
				2D8B4090175A495600C8B04F /* NIOperations.m in Sources */,
				2D8B4091175A495600C8B04F /* NIPaths.m in Sources */,
				2D8B4092175A495600C8B04F /* NIRuntimeClassModifications.m in Sources */,
				2D8B4093175A495600C8B04F /* NISDKAvailability.m in Sources */,
				2D8B4094175A495600C8B04F /* NISnapshotRotation.m in Sources */,
				2D8B4095175A495600C8B04F /* NIState.m in Sources */,
				2D8B4096175A495600C8B04F /* NIViewRecycler.m in Sources */,
				2D8B4097175A495600C8B04F /* NSString+NimbusCore.m in Sources */,
				2D8B40A1175A496200C8B04F /* NIPageView.m in Sources */,
				2D8B40A2175A496200C8B04F /* NIPagingScrollView.m in Sources */,
				2DE0845F175B872800A1A6BC /* JDONewsHeadCell.m in Sources */,
				2D98BF84175C3FAF00530C0B /* UIScrollView+SVInfiniteScrolling.m in Sources */,
				2D98BF85175C3FAF00530C0B /* UIScrollView+SVPullToRefresh.m in Sources */,
				2D9FDC0A175D6B37003EAF78 /* JDOHttpClient.m in Sources */,
				2D9FDC0E175D7922003EAF78 /* JDOJsonClient.m in Sources */,
				2D5409C4175DE5D300718FFB /* MGTemplateEngine.m in Sources */,
				2D5409C5175DE5D300718FFB /* MGTemplateStandardMarkers.m in Sources */,
				2D5409C6175DE5D300718FFB /* MGTemplateStandardFilters.m in Sources */,
				2D5409D3175DE60F00718FFB /* ICUTemplateMatcher.m in Sources */,
				2D5409D4175DE60F00718FFB /* RegexKitLite.m in Sources */,
				2D5409D6175DE60F00718FFB /* NSArray_DeepMutableCopy.m in Sources */,
				2D5409D7175DE60F00718FFB /* NSDictionary_DeepMutableCopy.m in Sources */,
				2D5409DC175DEA5800718FFB /* JDONewsDetailController.m in Sources */,
				2D5409DF175DEE2100718FFB /* UIWebView+RemoveShadow.m in Sources */,
				2D1DDB58175E2AD10048F7A7 /* JDONewsDetailModel.m in Sources */,
				2D1DDB5B175E2BBC0048F7A7 /* NSDictionary+Model.m in Sources */,
				2D1DDB5F175E39EE0048F7A7 /* jquery.min.js in Sources */,
				2D996A94175ED55800C57673 /* JDOImageViewController.m in Sources */,
				FF19A048175F39A000375716 /* JDOListView.m in Sources */,
				2D996A9B175F29AF00C57673 /* MLNavigationController.m in Sources */,
				2D93122B17600A2500C73802 /* UIView+Transition.m in Sources */,
			);
			runOnlyForDeploymentPostprocessing = 0;
		};
/* End PBXSourcesBuildPhase section */

/* Begin PBXVariantGroup section */
		2D8FAC301748AC470071A601 /* InfoPlist.strings */ = {
			isa = PBXVariantGroup;
			children = (
				2D8FAC2F1748AC470071A601 /* zh-Hans */,
			);
			name = InfoPlist.strings;
			sourceTree = "<group>";
		};
/* End PBXVariantGroup section */

/* Begin XCBuildConfiguration section */
		2D080CF3173CE4D9005653A7 /* Debug */ = {
			isa = XCBuildConfiguration;
			buildSettings = {
				ALWAYS_SEARCH_USER_PATHS = NO;
				CLANG_CXX_LANGUAGE_STANDARD = "gnu++0x";
				CLANG_CXX_LIBRARY = "libc++";
				CLANG_ENABLE_OBJC_ARC = YES;
				CLANG_WARN_CONSTANT_CONVERSION = YES;
				CLANG_WARN_EMPTY_BODY = YES;
				CLANG_WARN_ENUM_CONVERSION = YES;
				CLANG_WARN_INT_CONVERSION = YES;
				CLANG_WARN__DUPLICATE_METHOD_MATCH = YES;
				CODE_SIGN_IDENTITY = "iPhone Developer";
				"CODE_SIGN_IDENTITY[sdk=iphoneos*]" = "iPhone Developer";
				COPY_PHASE_STRIP = NO;
				GCC_C_LANGUAGE_STANDARD = gnu99;
				GCC_DYNAMIC_NO_PIC = NO;
				GCC_OPTIMIZATION_LEVEL = 0;
				GCC_PREPROCESSOR_DEFINITIONS = (
					"DEBUG=1",
					"$(inherited)",
				);
				GCC_SYMBOLS_PRIVATE_EXTERN = NO;
				GCC_WARN_ABOUT_RETURN_TYPE = YES;
				GCC_WARN_UNINITIALIZED_AUTOS = YES;
				GCC_WARN_UNUSED_VARIABLE = YES;
				INFOPLIST_FILE = "";
				IPHONEOS_DEPLOYMENT_TARGET = 4.3;
				ONLY_ACTIVE_ARCH = YES;
				PROVISIONING_PROFILE = "";
				"PROVISIONING_PROFILE[sdk=iphoneos*]" = "";
				SDKROOT = iphoneos;
			};
			name = Debug;
		};
		2D080CF4173CE4D9005653A7 /* Release */ = {
			isa = XCBuildConfiguration;
			buildSettings = {
				ALWAYS_SEARCH_USER_PATHS = NO;
				CLANG_CXX_LANGUAGE_STANDARD = "gnu++0x";
				CLANG_CXX_LIBRARY = "libc++";
				CLANG_ENABLE_OBJC_ARC = YES;
				CLANG_WARN_CONSTANT_CONVERSION = YES;
				CLANG_WARN_EMPTY_BODY = YES;
				CLANG_WARN_ENUM_CONVERSION = YES;
				CLANG_WARN_INT_CONVERSION = YES;
				CLANG_WARN__DUPLICATE_METHOD_MATCH = YES;
				CODE_SIGN_IDENTITY = "iPhone Developer";
				"CODE_SIGN_IDENTITY[sdk=iphoneos*]" = "iPhone Developer";
				COPY_PHASE_STRIP = YES;
				GCC_C_LANGUAGE_STANDARD = gnu99;
				GCC_WARN_ABOUT_RETURN_TYPE = YES;
				GCC_WARN_UNINITIALIZED_AUTOS = YES;
				GCC_WARN_UNUSED_VARIABLE = YES;
				INFOPLIST_FILE = "";
				IPHONEOS_DEPLOYMENT_TARGET = 4.3;
				OTHER_CFLAGS = "-DNS_BLOCK_ASSERTIONS=1";
				PROVISIONING_PROFILE = "";
				"PROVISIONING_PROFILE[sdk=iphoneos*]" = "";
				SDKROOT = iphoneos;
				VALIDATE_PRODUCT = YES;
			};
			name = Release;
		};
		2D080CF6173CE4D9005653A7 /* Debug */ = {
			isa = XCBuildConfiguration;
			baseConfigurationReference = 5F222CF8F96D417D992D04DB /* Pods.xcconfig */;
			buildSettings = {
				GCC_PRECOMPILE_PREFIX_HEADER = YES;
				GCC_PREFIX_HEADER = "$(SRCROOT)/JiaodongOnlineNews/Others/JiaodongOnlineNews-Prefix.pch";
				INFOPLIST_FILE = "$(SRCROOT)/JiaodongOnlineNews/Others/JiaodongOnlineNews-Info.plist";
				IPHONEOS_DEPLOYMENT_TARGET = 4.3;
				PRODUCT_NAME = "$(TARGET_NAME)";
				WRAPPER_EXTENSION = app;
			};
			name = Debug;
		};
		2D080CF7173CE4D9005653A7 /* Release */ = {
			isa = XCBuildConfiguration;
			baseConfigurationReference = 5F222CF8F96D417D992D04DB /* Pods.xcconfig */;
			buildSettings = {
				GCC_PRECOMPILE_PREFIX_HEADER = YES;
				GCC_PREFIX_HEADER = "$(SRCROOT)/JiaodongOnlineNews/Others/JiaodongOnlineNews-Prefix.pch";
				INFOPLIST_FILE = "$(SRCROOT)/JiaodongOnlineNews/Others/JiaodongOnlineNews-Info.plist";
				IPHONEOS_DEPLOYMENT_TARGET = 4.3;
				PRODUCT_NAME = "$(TARGET_NAME)";
				WRAPPER_EXTENSION = app;
			};
			name = Release;
		};
/* End XCBuildConfiguration section */

/* Begin XCConfigurationList section */
		2D080CCD173CE4D9005653A7 /* Build configuration list for PBXProject "JiaodongOnlineNews" */ = {
			isa = XCConfigurationList;
			buildConfigurations = (
				2D080CF3173CE4D9005653A7 /* Debug */,
				2D080CF4173CE4D9005653A7 /* Release */,
			);
			defaultConfigurationIsVisible = 0;
			defaultConfigurationName = Release;
		};
		2D080CF5173CE4D9005653A7 /* Build configuration list for PBXNativeTarget "JiaodongOnlineNews" */ = {
			isa = XCConfigurationList;
			buildConfigurations = (
				2D080CF6173CE4D9005653A7 /* Debug */,
				2D080CF7173CE4D9005653A7 /* Release */,
			);
			defaultConfigurationIsVisible = 0;
			defaultConfigurationName = Release;
		};
/* End XCConfigurationList section */
	};
	rootObject = 2D080CCA173CE4D9005653A7 /* Project object */;
}
